
Microsoft Visual Studio Solution File, Format Version 12.00
# Visual Studio 14
VisualStudioVersion = 14.0.25123.0
MinimumVisualStudioVersion = 10.0.40219.1
Project("{2150E333-8FDC-42A3-9474-1A3956D46DE8}") = "02.数组系列", "02.数组系列", "{072705CD-6A6F-4956-BD7F-F4AC8FB81C8F}"
EndProject
Project("{2150E333-8FDC-42A3-9474-1A3956D46DE8}") = "1.面向过程", "1.面向过程", "{853EB879-9DE5-417D-9135-20DDCFAEBDCA}"
EndProject
Project("{2150E333-8FDC-42A3-9474-1A3956D46DE8}") = "01.基础", "01.基础", "{AF894804-A766-4C5B-BBD6-9A05DC28CBAB}"
EndProject
Project("{2150E333-8FDC-42A3-9474-1A3956D46DE8}") = "2.面向对象", "2.面向对象", "{179A02F9-EB17-41EB-BB9D-EBEEA3A7E816}"
EndProject
Project("{2150E333-8FDC-42A3-9474-1A3956D46DE8}") = "1.封装", "1.封装", "{31C4AC82-7BAD-49D4-909D-6863AB1C0690}"
EndProject
Project("{2150E333-8FDC-42A3-9474-1A3956D46DE8}") = "2.继承", "2.继承", "{F8B4C0D3-8A00-487A-8F2B-1CB54FE9560F}"
EndProject
Project("{2150E333-8FDC-42A3-9474-1A3956D46DE8}") = "3.多态", "3.多态", "{9C6B6435-8280-4718-8D35-90BA60C82750}"
EndProject
Project("{2150E333-8FDC-42A3-9474-1A3956D46DE8}") = "3.常用技能", "3.常用技能", "{8005734C-C156-4FDD-B9BD-245A4C26688F}"
EndProject
Project("{2150E333-8FDC-42A3-9474-1A3956D46DE8}") = "4.原理系列", "4.原理系列", "{30C7082F-A6E3-4EE8-B7A6-B285DD917EC2}"
EndProject
Project("{2150E333-8FDC-42A3-9474-1A3956D46DE8}") = "5.逆天类库", "5.逆天类库", "{A026EFD0-229E-426E-A2F3-7B678592C614}"
EndProject
Project("{FAE04EC0-301F-11D3-BF4B-00C04F79EFBC}") = "01.交换两数", "1.面向过程\01.基础\01.交换两数\01.交换两数.csproj", "{0AC7CBDC-6731-4CCA-8F0D-6FC7A1A4D110}"
EndProject
Project("{FAE04EC0-301F-11D3-BF4B-00C04F79EFBC}") = "02.求最大值", "1.面向过程\01.基础\02.求最大值\02.求最大值.csproj", "{AEB1FA41-7DC8-4B7F-AFC1-635D939722E8}"
EndProject
Project("{FAE04EC0-301F-11D3-BF4B-00C04F79EFBC}") = "03.1数组探讨", "1.面向过程\02.数组系列\03.1数组探讨\03.1数组探讨.csproj", "{E110E87C-2AF6-4755-891B-EAA44EF74DBD}"
EndProject
Project("{FAE04EC0-301F-11D3-BF4B-00C04F79EFBC}") = "03.2数组扩容", "1.面向过程\02.数组系列\03.2数组封装\03.2数组扩容.csproj", "{55D4E64C-846A-4C52-AC0B-42DF080F11A7}"
EndProject
Project("{FAE04EC0-301F-11D3-BF4B-00C04F79EFBC}") = "03.3多维数组", "1.面向过程\02.数组系列\03.3二维数组\03.3多维数组.csproj", "{93A2EB12-6CC3-4AD7-9501-CF4A19A9428E}"
EndProject
Project("{FAE04EC0-301F-11D3-BF4B-00C04F79EFBC}") = "03.4交错数组", "1.面向过程\02.数组系列\03.4交错数组\03.4交错数组.csproj", "{BC95FF5E-3C48-4B79-B931-79E801563F75}"
EndProject
Project("{FAE04EC0-301F-11D3-BF4B-00C04F79EFBC}") = "03.5数组插入", "1.面向过程\02.数组系列\03.5数组插入\03.5数组插入.csproj", "{88D67709-7397-4F4E-96F1-B32F7A37F84E}"
EndProject
Project("{FAE04EC0-301F-11D3-BF4B-00C04F79EFBC}") = "01.封装-类", "2.面向对象\1.封装\01.封装-类\01.封装-类.csproj", "{B4D687A7-6C68-4E62-AA23-C1A17217E2A2}"
EndProject
Project("{FAE04EC0-301F-11D3-BF4B-00C04F79EFBC}") = "02.继承", "2.面向对象\2.继承\02.继承\02.继承.csproj", "{5E999910-BC40-4875-B070-66A92A86A255}"
EndProject
Project("{FAE04EC0-301F-11D3-BF4B-00C04F79EFBC}") = "03.1虚方法实现多态", "2.面向对象\3.多态\03.1虚方法实现多态\03.1虚方法实现多态.csproj", "{067119C8-2F13-4204-BB40-9A6BAC98B415}"
EndProject
Project("{FAE04EC0-301F-11D3-BF4B-00C04F79EFBC}") = "03.2抽象方法实现多态", "2.面向对象\3.多态\03.2抽象方法实现多态\03.2抽象方法实现多态.csproj", "{BDA91DC8-E0A7-468F-8D0A-1E3EE5853917}"
EndProject
Project("{FAE04EC0-301F-11D3-BF4B-00C04F79EFBC}") = "03.3接口实现多态", "2.面向对象\3.多态\03.3接口实现多态\03.3接口实现多态.csproj", "{666E525E-978C-4CFE-ACC0-621C29BA964C}"
EndProject
Project("{FAE04EC0-301F-11D3-BF4B-00C04F79EFBC}") = "01.Json系列", "3.常用技能\01.Json系列\01.Json系列.csproj", "{B8F07B0E-005B-42E7-8A33-9801A94A39D7}"
EndProject
Project("{FAE04EC0-301F-11D3-BF4B-00C04F79EFBC}") = "LoTLibrary", "5.逆天类库\LoTLibrary\LoTLibrary.csproj", "{363C92FE-DB44-4767-BDC1-4A2E530BF8F6}"
EndProject
Project("{FAE04EC0-301F-11D3-BF4B-00C04F79EFBC}") = "LoTLibrary.Test", "5.逆天类库\LoTLibrary.Test\LoTLibrary.Test.csproj", "{85426098-D90E-4F3C-9A7D-53949E347C4C}"
EndProject
Project("{FAE04EC0-301F-11D3-BF4B-00C04F79EFBC}") = "1.集合为什么能用foreach遍历", "4.原理系列\1.集合为什么能用foreach\1.集合为什么能用foreach遍历.csproj", "{C51D1B34-FB22-4327-BAA9-0454A2C53215}"
EndProject
Project("{2150E333-8FDC-42A3-9474-1A3956D46DE8}") = "01.Json", "01.Json", "{BCF44CF5-19CF-44DD-B146-6F127521082C}"
EndProject
Project("{2150E333-8FDC-42A3-9474-1A3956D46DE8}") = "0.基础", "0.基础", "{215564C8-0686-4D38-B064-765B17FA6309}"
EndProject
Project("{FAE04EC0-301F-11D3-BF4B-00C04F79EFBC}") = "1.枚举默认之为0", "4.原理系列\0.基础\1.枚举默认之为0\1.枚举默认之为0.csproj", "{2675F5C5-0FF3-479B-9D1F-1343CF7F4B07}"
EndProject
Project("{2150E333-8FDC-42A3-9474-1A3956D46DE8}") = "6.网页基础", "6.网页基础", "{084E5BC5-C450-48C3-81C5-80A0AE3BCADF}"
EndProject
Project("{FAE04EC0-301F-11D3-BF4B-00C04F79EFBC}") = "A一般处理程序", "6.网页基础\A一般处理程序\A一般处理程序.csproj", "{5C3A3DA0-4119-43B2-9031-63CB211D9A6E}"
EndProject
Project("{2150E333-8FDC-42A3-9474-1A3956D46DE8}") = "7.其他系列", "7.其他系列", "{1F4EBDB8-1336-4C95-A3F8-CED1AE45BDEE}"
EndProject
Project("{FAE04EC0-301F-11D3-BF4B-00C04F79EFBC}") = "1.临时控制台", "1.临时控制台\1.临时控制台.csproj", "{B1BD6E3A-6A51-4459-A8A7-EF70A877F094}"
EndProject
Project("{2150E333-8FDC-42A3-9474-1A3956D46DE8}") = "DSignalR", "DSignalR", "{5F76D79D-83E3-4562-A14D-4E961C496B29}"
EndProject
Project("{FAE04EC0-301F-11D3-BF4B-00C04F79EFBC}") = "ZQQ", "6.网页基础\DSignalR\ZQQ\ZQQ.csproj", "{E29F7F82-3521-47AB-B662-40679829E0B0}"
EndProject
Project("{FAE04EC0-301F-11D3-BF4B-00C04F79EFBC}") = "WebClient", "6.网页基础\DSignalR\WebClient\WebClient.csproj", "{806569CE-5724-4BFC-BEE6-C8FED68DCDFB}"
EndProject
Project("{FAE04EC0-301F-11D3-BF4B-00C04F79EFBC}") = "WebApiClient", "6.网页基础\DSignalR\WebApiClient\WebApiClient.csproj", "{057E3F7B-A7F1-4D53-8E4A-9B2B9051208F}"
EndProject
Project("{FAE04EC0-301F-11D3-BF4B-00C04F79EFBC}") = "SignalRClient", "6.网页基础\DSignalR\SignalRClient\SignalRClient.csproj", "{6B5B3F8B-A9EC-4F6A-9D3A-819A788EEACF}"
EndProject
Project("{FAE04EC0-301F-11D3-BF4B-00C04F79EFBC}") = "OWIN_SignalR", "6.网页基础\DSignalR\OWIN_SignalR\OWIN_SignalR.csproj", "{762041B3-8F9B-49E0-B0B5-7BA7AB0628DB}"
EndProject
Project("{FAE04EC0-301F-11D3-BF4B-00C04F79EFBC}") = "OWIN.WebAPi", "6.网页基础\DSignalR\OWIN.WebAPi_SignalR\OWIN.WebAPi.csproj", "{17B831E2-1958-441B-853E-61D14C3839C2}"
EndProject
Project("{2150E333-8FDC-42A3-9474-1A3956D46DE8}") = "02.uploader", "02.uploader", "{3AB6BBE4-6799-4055-B561-5DB8D819F3BF}"
EndProject
Project("{FAE04EC0-301F-11D3-BF4B-00C04F79EFBC}") = "01.Webuploader", "3.常用技能\02.uploader系列\01.Webuploader\01.Webuploader.csproj", "{3C191A9C-75C6-4AB2-BEF4-A588D6BEF13D}"
EndProject
Project("{FAE04EC0-301F-11D3-BF4B-00C04F79EFBC}") = "02.LoTUploader", "3.常用技能\02.uploader系列\02.LoTUploader\02.LoTUploader.csproj", "{8141E897-AC90-4A3D-B7C4-FEB7767B3841}"
EndProject
Project("{2150E333-8FDC-42A3-9474-1A3956D46DE8}") = "03.Editor", "03.Editor", "{B3A53B29-6733-4849-A73A-291AC1AF6440}"
EndProject
Project("{2150E333-8FDC-42A3-9474-1A3956D46DE8}") = "04.Table", "04.Table", "{2ACE187A-D2DE-47F9-B0F6-B35D0653F6DF}"
EndProject
Project("{FAE04EC0-301F-11D3-BF4B-00C04F79EFBC}") = "BootStrap-Table", "3.常用技能\04.Table\BootStrap-Table\BootStrap-Table.csproj", "{F05064A5-24BB-46A4-B01B-BAA22C46534B}"
EndProject
Project("{2150E333-8FDC-42A3-9474-1A3956D46DE8}") = "05.AutoMapper", "05.AutoMapper", "{2A667694-F160-40A4-9BFE-FB014DF4AE3C}"
EndProject
Project("{FAE04EC0-301F-11D3-BF4B-00C04F79EFBC}") = "01.AutoMapper", "3.常用技能\05.AutoMapper\_AutoMapper\01.AutoMapper.csproj", "{73DDD46C-CB3F-4616-A3D6-C2B7343ECA6B}"
EndProject
Project("{FAE04EC0-301F-11D3-BF4B-00C04F79EFBC}") = "03.异或运算", "1.面向过程\01.基础\03.异或运算\03.异或运算.csproj", "{83EF4968-93DA-4069-B0A1-A5757D80D56E}"
EndProject
Project("{FAE04EC0-301F-11D3-BF4B-00C04F79EFBC}") = "04.移位运算", "1.面向过程\01.基础\04.移位运算\04.移位运算.csproj", "{267D3689-28CD-4492-95A5-AEC70EA0654D}"
EndProject
Project("{FAE04EC0-301F-11D3-BF4B-00C04F79EFBC}") = "01.Ueditor", "3.常用技能\03.Editor\01.Ueditor\01.Ueditor.csproj", "{56849E44-A99C-4AB0-BF31-44791CC7150F}"
EndProject
Project("{FAE04EC0-301F-11D3-BF4B-00C04F79EFBC}") = "02.KindEditor", "3.常用技能\03.Editor\02.KindEditor\02.KindEditor.csproj", "{9D5811B9-D561-4527-8FC5-CC68A356F072}"
EndProject
Global
	GlobalSection(SolutionConfigurationPlatforms) = preSolution
		Debug|Any CPU = Debug|Any CPU
		Release|Any CPU = Release|Any CPU
	EndGlobalSection
	GlobalSection(ProjectConfigurationPlatforms) = postSolution
		{0AC7CBDC-6731-4CCA-8F0D-6FC7A1A4D110}.Debug|Any CPU.ActiveCfg = Debug|Any CPU
		{0AC7CBDC-6731-4CCA-8F0D-6FC7A1A4D110}.Debug|Any CPU.Build.0 = Debug|Any CPU
		{0AC7CBDC-6731-4CCA-8F0D-6FC7A1A4D110}.Release|Any CPU.ActiveCfg = Release|Any CPU
		{0AC7CBDC-6731-4CCA-8F0D-6FC7A1A4D110}.Release|Any CPU.Build.0 = Release|Any CPU
		{AEB1FA41-7DC8-4B7F-AFC1-635D939722E8}.Debug|Any CPU.ActiveCfg = Debug|Any CPU
		{AEB1FA41-7DC8-4B7F-AFC1-635D939722E8}.Debug|Any CPU.Build.0 = Debug|Any CPU
		{AEB1FA41-7DC8-4B7F-AFC1-635D939722E8}.Release|Any CPU.ActiveCfg = Release|Any CPU
		{AEB1FA41-7DC8-4B7F-AFC1-635D939722E8}.Release|Any CPU.Build.0 = Release|Any CPU
		{E110E87C-2AF6-4755-891B-EAA44EF74DBD}.Debug|Any CPU.ActiveCfg = Debug|Any CPU
		{E110E87C-2AF6-4755-891B-EAA44EF74DBD}.Debug|Any CPU.Build.0 = Debug|Any CPU
		{E110E87C-2AF6-4755-891B-EAA44EF74DBD}.Release|Any CPU.ActiveCfg = Release|Any CPU
		{E110E87C-2AF6-4755-891B-EAA44EF74DBD}.Release|Any CPU.Build.0 = Release|Any CPU
		{55D4E64C-846A-4C52-AC0B-42DF080F11A7}.Debug|Any CPU.ActiveCfg = Debug|Any CPU
		{55D4E64C-846A-4C52-AC0B-42DF080F11A7}.Debug|Any CPU.Build.0 = Debug|Any CPU
		{55D4E64C-846A-4C52-AC0B-42DF080F11A7}.Release|Any CPU.ActiveCfg = Release|Any CPU
		{55D4E64C-846A-4C52-AC0B-42DF080F11A7}.Release|Any CPU.Build.0 = Release|Any CPU
		{93A2EB12-6CC3-4AD7-9501-CF4A19A9428E}.Debug|Any CPU.ActiveCfg = Debug|Any CPU
		{93A2EB12-6CC3-4AD7-9501-CF4A19A9428E}.Debug|Any CPU.Build.0 = Debug|Any CPU
		{93A2EB12-6CC3-4AD7-9501-CF4A19A9428E}.Release|Any CPU.ActiveCfg = Release|Any CPU
		{93A2EB12-6CC3-4AD7-9501-CF4A19A9428E}.Release|Any CPU.Build.0 = Release|Any CPU
		{BC95FF5E-3C48-4B79-B931-79E801563F75}.Debug|Any CPU.ActiveCfg = Debug|Any CPU
		{BC95FF5E-3C48-4B79-B931-79E801563F75}.Debug|Any CPU.Build.0 = Debug|Any CPU
		{BC95FF5E-3C48-4B79-B931-79E801563F75}.Release|Any CPU.ActiveCfg = Release|Any CPU
		{BC95FF5E-3C48-4B79-B931-79E801563F75}.Release|Any CPU.Build.0 = Release|Any CPU
		{88D67709-7397-4F4E-96F1-B32F7A37F84E}.Debug|Any CPU.ActiveCfg = Debug|Any CPU
		{88D67709-7397-4F4E-96F1-B32F7A37F84E}.Debug|Any CPU.Build.0 = Debug|Any CPU
		{88D67709-7397-4F4E-96F1-B32F7A37F84E}.Release|Any CPU.ActiveCfg = Release|Any CPU
		{88D67709-7397-4F4E-96F1-B32F7A37F84E}.Release|Any CPU.Build.0 = Release|Any CPU
		{B4D687A7-6C68-4E62-AA23-C1A17217E2A2}.Debug|Any CPU.ActiveCfg = Debug|Any CPU
		{B4D687A7-6C68-4E62-AA23-C1A17217E2A2}.Debug|Any CPU.Build.0 = Debug|Any CPU
		{B4D687A7-6C68-4E62-AA23-C1A17217E2A2}.Release|Any CPU.ActiveCfg = Release|Any CPU
		{B4D687A7-6C68-4E62-AA23-C1A17217E2A2}.Release|Any CPU.Build.0 = Release|Any CPU
		{5E999910-BC40-4875-B070-66A92A86A255}.Debug|Any CPU.ActiveCfg = Debug|Any CPU
		{5E999910-BC40-4875-B070-66A92A86A255}.Debug|Any CPU.Build.0 = Debug|Any CPU
		{5E999910-BC40-4875-B070-66A92A86A255}.Release|Any CPU.ActiveCfg = Release|Any CPU
		{5E999910-BC40-4875-B070-66A92A86A255}.Release|Any CPU.Build.0 = Release|Any CPU
		{067119C8-2F13-4204-BB40-9A6BAC98B415}.Debug|Any CPU.ActiveCfg = Debug|Any CPU
		{067119C8-2F13-4204-BB40-9A6BAC98B415}.Debug|Any CPU.Build.0 = Debug|Any CPU
		{067119C8-2F13-4204-BB40-9A6BAC98B415}.Release|Any CPU.ActiveCfg = Release|Any CPU
		{067119C8-2F13-4204-BB40-9A6BAC98B415}.Release|Any CPU.Build.0 = Release|Any CPU
		{BDA91DC8-E0A7-468F-8D0A-1E3EE5853917}.Debug|Any CPU.ActiveCfg = Debug|Any CPU
		{BDA91DC8-E0A7-468F-8D0A-1E3EE5853917}.Debug|Any CPU.Build.0 = Debug|Any CPU
		{BDA91DC8-E0A7-468F-8D0A-1E3EE5853917}.Release|Any CPU.ActiveCfg = Release|Any CPU
		{BDA91DC8-E0A7-468F-8D0A-1E3EE5853917}.Release|Any CPU.Build.0 = Release|Any CPU
		{666E525E-978C-4CFE-ACC0-621C29BA964C}.Debug|Any CPU.ActiveCfg = Debug|Any CPU
		{666E525E-978C-4CFE-ACC0-621C29BA964C}.Debug|Any CPU.Build.0 = Debug|Any CPU
		{666E525E-978C-4CFE-ACC0-621C29BA964C}.Release|Any CPU.ActiveCfg = Release|Any CPU
		{666E525E-978C-4CFE-ACC0-621C29BA964C}.Release|Any CPU.Build.0 = Release|Any CPU
		{B8F07B0E-005B-42E7-8A33-9801A94A39D7}.Debug|Any CPU.ActiveCfg = Debug|Any CPU
		{B8F07B0E-005B-42E7-8A33-9801A94A39D7}.Debug|Any CPU.Build.0 = Debug|Any CPU
		{B8F07B0E-005B-42E7-8A33-9801A94A39D7}.Release|Any CPU.ActiveCfg = Release|Any CPU
		{B8F07B0E-005B-42E7-8A33-9801A94A39D7}.Release|Any CPU.Build.0 = Release|Any CPU
		{363C92FE-DB44-4767-BDC1-4A2E530BF8F6}.Debug|Any CPU.ActiveCfg = Debug|Any CPU
		{363C92FE-DB44-4767-BDC1-4A2E530BF8F6}.Debug|Any CPU.Build.0 = Debug|Any CPU
		{363C92FE-DB44-4767-BDC1-4A2E530BF8F6}.Release|Any CPU.ActiveCfg = Release|Any CPU
		{363C92FE-DB44-4767-BDC1-4A2E530BF8F6}.Release|Any CPU.Build.0 = Release|Any CPU
		{85426098-D90E-4F3C-9A7D-53949E347C4C}.Debug|Any CPU.ActiveCfg = Debug|Any CPU
		{85426098-D90E-4F3C-9A7D-53949E347C4C}.Debug|Any CPU.Build.0 = Debug|Any CPU
		{85426098-D90E-4F3C-9A7D-53949E347C4C}.Release|Any CPU.ActiveCfg = Release|Any CPU
		{85426098-D90E-4F3C-9A7D-53949E347C4C}.Release|Any CPU.Build.0 = Release|Any CPU
		{C51D1B34-FB22-4327-BAA9-0454A2C53215}.Debug|Any CPU.ActiveCfg = Debug|Any CPU
		{C51D1B34-FB22-4327-BAA9-0454A2C53215}.Debug|Any CPU.Build.0 = Debug|Any CPU
		{C51D1B34-FB22-4327-BAA9-0454A2C53215}.Release|Any CPU.ActiveCfg = Release|Any CPU
		{C51D1B34-FB22-4327-BAA9-0454A2C53215}.Release|Any CPU.Build.0 = Release|Any CPU
		{2675F5C5-0FF3-479B-9D1F-1343CF7F4B07}.Debug|Any CPU.ActiveCfg = Debug|Any CPU
		{2675F5C5-0FF3-479B-9D1F-1343CF7F4B07}.Debug|Any CPU.Build.0 = Debug|Any CPU
		{2675F5C5-0FF3-479B-9D1F-1343CF7F4B07}.Release|Any CPU.ActiveCfg = Release|Any CPU
		{2675F5C5-0FF3-479B-9D1F-1343CF7F4B07}.Release|Any CPU.Build.0 = Release|Any CPU
		{5C3A3DA0-4119-43B2-9031-63CB211D9A6E}.Debug|Any CPU.ActiveCfg = Debug|Any CPU
		{5C3A3DA0-4119-43B2-9031-63CB211D9A6E}.Debug|Any CPU.Build.0 = Debug|Any CPU
		{5C3A3DA0-4119-43B2-9031-63CB211D9A6E}.Release|Any CPU.ActiveCfg = Release|Any CPU
		{5C3A3DA0-4119-43B2-9031-63CB211D9A6E}.Release|Any CPU.Build.0 = Release|Any CPU
		{B1BD6E3A-6A51-4459-A8A7-EF70A877F094}.Debug|Any CPU.ActiveCfg = Debug|Any CPU
		{B1BD6E3A-6A51-4459-A8A7-EF70A877F094}.Debug|Any CPU.Build.0 = Debug|Any CPU
		{B1BD6E3A-6A51-4459-A8A7-EF70A877F094}.Release|Any CPU.ActiveCfg = Release|Any CPU
		{B1BD6E3A-6A51-4459-A8A7-EF70A877F094}.Release|Any CPU.Build.0 = Release|Any CPU
		{E29F7F82-3521-47AB-B662-40679829E0B0}.Debug|Any CPU.ActiveCfg = Debug|Any CPU
		{E29F7F82-3521-47AB-B662-40679829E0B0}.Debug|Any CPU.Build.0 = Debug|Any CPU
		{E29F7F82-3521-47AB-B662-40679829E0B0}.Release|Any CPU.ActiveCfg = Release|Any CPU
		{E29F7F82-3521-47AB-B662-40679829E0B0}.Release|Any CPU.Build.0 = Release|Any CPU
		{806569CE-5724-4BFC-BEE6-C8FED68DCDFB}.Debug|Any CPU.ActiveCfg = Debug|Any CPU
		{806569CE-5724-4BFC-BEE6-C8FED68DCDFB}.Debug|Any CPU.Build.0 = Debug|Any CPU
		{806569CE-5724-4BFC-BEE6-C8FED68DCDFB}.Release|Any CPU.ActiveCfg = Release|Any CPU
		{806569CE-5724-4BFC-BEE6-C8FED68DCDFB}.Release|Any CPU.Build.0 = Release|Any CPU
		{057E3F7B-A7F1-4D53-8E4A-9B2B9051208F}.Debug|Any CPU.ActiveCfg = Debug|Any CPU
		{057E3F7B-A7F1-4D53-8E4A-9B2B9051208F}.Debug|Any CPU.Build.0 = Debug|Any CPU
		{057E3F7B-A7F1-4D53-8E4A-9B2B9051208F}.Release|Any CPU.ActiveCfg = Release|Any CPU
		{057E3F7B-A7F1-4D53-8E4A-9B2B9051208F}.Release|Any CPU.Build.0 = Release|Any CPU
		{6B5B3F8B-A9EC-4F6A-9D3A-819A788EEACF}.Debug|Any CPU.ActiveCfg = Debug|Any CPU
		{6B5B3F8B-A9EC-4F6A-9D3A-819A788EEACF}.Debug|Any CPU.Build.0 = Debug|Any CPU
		{6B5B3F8B-A9EC-4F6A-9D3A-819A788EEACF}.Release|Any CPU.ActiveCfg = Release|Any CPU
		{6B5B3F8B-A9EC-4F6A-9D3A-819A788EEACF}.Release|Any CPU.Build.0 = Release|Any CPU
		{762041B3-8F9B-49E0-B0B5-7BA7AB0628DB}.Debug|Any CPU.ActiveCfg = Debug|Any CPU
		{762041B3-8F9B-49E0-B0B5-7BA7AB0628DB}.Debug|Any CPU.Build.0 = Debug|Any CPU
		{762041B3-8F9B-49E0-B0B5-7BA7AB0628DB}.Release|Any CPU.ActiveCfg = Release|Any CPU
		{762041B3-8F9B-49E0-B0B5-7BA7AB0628DB}.Release|Any CPU.Build.0 = Release|Any CPU
		{17B831E2-1958-441B-853E-61D14C3839C2}.Debug|Any CPU.ActiveCfg = Debug|Any CPU
		{17B831E2-1958-441B-853E-61D14C3839C2}.Debug|Any CPU.Build.0 = Debug|Any CPU
		{17B831E2-1958-441B-853E-61D14C3839C2}.Release|Any CPU.ActiveCfg = Release|Any CPU
		{17B831E2-1958-441B-853E-61D14C3839C2}.Release|Any CPU.Build.0 = Release|Any CPU
		{3C191A9C-75C6-4AB2-BEF4-A588D6BEF13D}.Debug|Any CPU.ActiveCfg = Debug|Any CPU
		{3C191A9C-75C6-4AB2-BEF4-A588D6BEF13D}.Debug|Any CPU.Build.0 = Debug|Any CPU
		{3C191A9C-75C6-4AB2-BEF4-A588D6BEF13D}.Release|Any CPU.ActiveCfg = Release|Any CPU
		{3C191A9C-75C6-4AB2-BEF4-A588D6BEF13D}.Release|Any CPU.Build.0 = Release|Any CPU
		{8141E897-AC90-4A3D-B7C4-FEB7767B3841}.Debug|Any CPU.ActiveCfg = Debug|Any CPU
		{8141E897-AC90-4A3D-B7C4-FEB7767B3841}.Debug|Any CPU.Build.0 = Debug|Any CPU
		{8141E897-AC90-4A3D-B7C4-FEB7767B3841}.Release|Any CPU.ActiveCfg = Release|Any CPU
		{8141E897-AC90-4A3D-B7C4-FEB7767B3841}.Release|Any CPU.Build.0 = Release|Any CPU
		{F05064A5-24BB-46A4-B01B-BAA22C46534B}.Debug|Any CPU.ActiveCfg = Debug|Any CPU
		{F05064A5-24BB-46A4-B01B-BAA22C46534B}.Debug|Any CPU.Build.0 = Debug|Any CPU
		{F05064A5-24BB-46A4-B01B-BAA22C46534B}.Release|Any CPU.ActiveCfg = Release|Any CPU
		{F05064A5-24BB-46A4-B01B-BAA22C46534B}.Release|Any CPU.Build.0 = Release|Any CPU
		{73DDD46C-CB3F-4616-A3D6-C2B7343ECA6B}.Debug|Any CPU.ActiveCfg = Debug|Any CPU
		{73DDD46C-CB3F-4616-A3D6-C2B7343ECA6B}.Debug|Any CPU.Build.0 = Debug|Any CPU
		{73DDD46C-CB3F-4616-A3D6-C2B7343ECA6B}.Release|Any CPU.ActiveCfg = Release|Any CPU
		{73DDD46C-CB3F-4616-A3D6-C2B7343ECA6B}.Release|Any CPU.Build.0 = Release|Any CPU
		{83EF4968-93DA-4069-B0A1-A5757D80D56E}.Debug|Any CPU.ActiveCfg = Debug|Any CPU
		{83EF4968-93DA-4069-B0A1-A5757D80D56E}.Debug|Any CPU.Build.0 = Debug|Any CPU
		{83EF4968-93DA-4069-B0A1-A5757D80D56E}.Release|Any CPU.ActiveCfg = Release|Any CPU
		{83EF4968-93DA-4069-B0A1-A5757D80D56E}.Release|Any CPU.Build.0 = Release|Any CPU
		{267D3689-28CD-4492-95A5-AEC70EA0654D}.Debug|Any CPU.ActiveCfg = Debug|Any CPU
		{267D3689-28CD-4492-95A5-AEC70EA0654D}.Debug|Any CPU.Build.0 = Debug|Any CPU
		{267D3689-28CD-4492-95A5-AEC70EA0654D}.Release|Any CPU.ActiveCfg = Release|Any CPU
		{267D3689-28CD-4492-95A5-AEC70EA0654D}.Release|Any CPU.Build.0 = Release|Any CPU
		{56849E44-A99C-4AB0-BF31-44791CC7150F}.Debug|Any CPU.ActiveCfg = Debug|Any CPU
		{56849E44-A99C-4AB0-BF31-44791CC7150F}.Debug|Any CPU.Build.0 = Debug|Any CPU
		{56849E44-A99C-4AB0-BF31-44791CC7150F}.Release|Any CPU.ActiveCfg = Release|Any CPU
		{56849E44-A99C-4AB0-BF31-44791CC7150F}.Release|Any CPU.Build.0 = Release|Any CPU
		{9D5811B9-D561-4527-8FC5-CC68A356F072}.Debug|Any CPU.ActiveCfg = Debug|Any CPU
		{9D5811B9-D561-4527-8FC5-CC68A356F072}.Debug|Any CPU.Build.0 = Debug|Any CPU
		{9D5811B9-D561-4527-8FC5-CC68A356F072}.Release|Any CPU.ActiveCfg = Release|Any CPU
		{9D5811B9-D561-4527-8FC5-CC68A356F072}.Release|Any CPU.Build.0 = Release|Any CPU
	EndGlobalSection
	GlobalSection(SolutionProperties) = preSolution
		HideSolutionNode = FALSE
	EndGlobalSection
	GlobalSection(NestedProjects) = preSolution
		{072705CD-6A6F-4956-BD7F-F4AC8FB81C8F} = {853EB879-9DE5-417D-9135-20DDCFAEBDCA}
		{AF894804-A766-4C5B-BBD6-9A05DC28CBAB} = {853EB879-9DE5-417D-9135-20DDCFAEBDCA}
		{31C4AC82-7BAD-49D4-909D-6863AB1C0690} = {179A02F9-EB17-41EB-BB9D-EBEEA3A7E816}
		{F8B4C0D3-8A00-487A-8F2B-1CB54FE9560F} = {179A02F9-EB17-41EB-BB9D-EBEEA3A7E816}
		{9C6B6435-8280-4718-8D35-90BA60C82750} = {179A02F9-EB17-41EB-BB9D-EBEEA3A7E816}
		{0AC7CBDC-6731-4CCA-8F0D-6FC7A1A4D110} = {AF894804-A766-4C5B-BBD6-9A05DC28CBAB}
		{AEB1FA41-7DC8-4B7F-AFC1-635D939722E8} = {AF894804-A766-4C5B-BBD6-9A05DC28CBAB}
		{E110E87C-2AF6-4755-891B-EAA44EF74DBD} = {072705CD-6A6F-4956-BD7F-F4AC8FB81C8F}
		{55D4E64C-846A-4C52-AC0B-42DF080F11A7} = {072705CD-6A6F-4956-BD7F-F4AC8FB81C8F}
		{93A2EB12-6CC3-4AD7-9501-CF4A19A9428E} = {072705CD-6A6F-4956-BD7F-F4AC8FB81C8F}
		{BC95FF5E-3C48-4B79-B931-79E801563F75} = {072705CD-6A6F-4956-BD7F-F4AC8FB81C8F}
		{88D67709-7397-4F4E-96F1-B32F7A37F84E} = {072705CD-6A6F-4956-BD7F-F4AC8FB81C8F}
		{B4D687A7-6C68-4E62-AA23-C1A17217E2A2} = {31C4AC82-7BAD-49D4-909D-6863AB1C0690}
		{5E999910-BC40-4875-B070-66A92A86A255} = {F8B4C0D3-8A00-487A-8F2B-1CB54FE9560F}
		{067119C8-2F13-4204-BB40-9A6BAC98B415} = {9C6B6435-8280-4718-8D35-90BA60C82750}
		{BDA91DC8-E0A7-468F-8D0A-1E3EE5853917} = {9C6B6435-8280-4718-8D35-90BA60C82750}
		{666E525E-978C-4CFE-ACC0-621C29BA964C} = {9C6B6435-8280-4718-8D35-90BA60C82750}
		{B8F07B0E-005B-42E7-8A33-9801A94A39D7} = {BCF44CF5-19CF-44DD-B146-6F127521082C}
		{363C92FE-DB44-4767-BDC1-4A2E530BF8F6} = {A026EFD0-229E-426E-A2F3-7B678592C614}
		{85426098-D90E-4F3C-9A7D-53949E347C4C} = {A026EFD0-229E-426E-A2F3-7B678592C614}
		{C51D1B34-FB22-4327-BAA9-0454A2C53215} = {30C7082F-A6E3-4EE8-B7A6-B285DD917EC2}
		{BCF44CF5-19CF-44DD-B146-6F127521082C} = {8005734C-C156-4FDD-B9BD-245A4C26688F}
		{215564C8-0686-4D38-B064-765B17FA6309} = {30C7082F-A6E3-4EE8-B7A6-B285DD917EC2}
		{2675F5C5-0FF3-479B-9D1F-1343CF7F4B07} = {215564C8-0686-4D38-B064-765B17FA6309}
		{5C3A3DA0-4119-43B2-9031-63CB211D9A6E} = {084E5BC5-C450-48C3-81C5-80A0AE3BCADF}
		{B1BD6E3A-6A51-4459-A8A7-EF70A877F094} = {1F4EBDB8-1336-4C95-A3F8-CED1AE45BDEE}
		{5F76D79D-83E3-4562-A14D-4E961C496B29} = {084E5BC5-C450-48C3-81C5-80A0AE3BCADF}
		{E29F7F82-3521-47AB-B662-40679829E0B0} = {5F76D79D-83E3-4562-A14D-4E961C496B29}
		{806569CE-5724-4BFC-BEE6-C8FED68DCDFB} = {5F76D79D-83E3-4562-A14D-4E961C496B29}
		{057E3F7B-A7F1-4D53-8E4A-9B2B9051208F} = {5F76D79D-83E3-4562-A14D-4E961C496B29}
		{6B5B3F8B-A9EC-4F6A-9D3A-819A788EEACF} = {5F76D79D-83E3-4562-A14D-4E961C496B29}
		{762041B3-8F9B-49E0-B0B5-7BA7AB0628DB} = {5F76D79D-83E3-4562-A14D-4E961C496B29}
		{17B831E2-1958-441B-853E-61D14C3839C2} = {5F76D79D-83E3-4562-A14D-4E961C496B29}
		{3AB6BBE4-6799-4055-B561-5DB8D819F3BF} = {8005734C-C156-4FDD-B9BD-245A4C26688F}
		{3C191A9C-75C6-4AB2-BEF4-A588D6BEF13D} = {3AB6BBE4-6799-4055-B561-5DB8D819F3BF}
		{8141E897-AC90-4A3D-B7C4-FEB7767B3841} = {3AB6BBE4-6799-4055-B561-5DB8D819F3BF}
		{B3A53B29-6733-4849-A73A-291AC1AF6440} = {8005734C-C156-4FDD-B9BD-245A4C26688F}
		{2ACE187A-D2DE-47F9-B0F6-B35D0653F6DF} = {8005734C-C156-4FDD-B9BD-245A4C26688F}
		{F05064A5-24BB-46A4-B01B-BAA22C46534B} = {2ACE187A-D2DE-47F9-B0F6-B35D0653F6DF}
		{2A667694-F160-40A4-9BFE-FB014DF4AE3C} = {8005734C-C156-4FDD-B9BD-245A4C26688F}
		{73DDD46C-CB3F-4616-A3D6-C2B7343ECA6B} = {2A667694-F160-40A4-9BFE-FB014DF4AE3C}
		{83EF4968-93DA-4069-B0A1-A5757D80D56E} = {AF894804-A766-4C5B-BBD6-9A05DC28CBAB}
		{267D3689-28CD-4492-95A5-AEC70EA0654D} = {AF894804-A766-4C5B-BBD6-9A05DC28CBAB}
		{56849E44-A99C-4AB0-BF31-44791CC7150F} = {B3A53B29-6733-4849-A73A-291AC1AF6440}
		{9D5811B9-D561-4527-8FC5-CC68A356F072} = {B3A53B29-6733-4849-A73A-291AC1AF6440}
	EndGlobalSection
EndGlobal
