
Microsoft Visual Studio Solution File, Format Version 12.00
# Visual Studio 14
VisualStudioVersion = 14.0.25420.1
MinimumVisualStudioVersion = 10.0.40219.1
Project("{2150E333-8FDC-42A3-9474-1A3956D46DE8}") = "02.数组系列", "02.数组系列", "{072705CD-6A6F-4956-BD7F-F4AC8FB81C8F}"
EndProject
Project("{2150E333-8FDC-42A3-9474-1A3956D46DE8}") = "1.面向过程", "1.面向过程", "{853EB879-9DE5-417D-9135-20DDCFAEBDCA}"
EndProject
Project("{2150E333-8FDC-42A3-9474-1A3956D46DE8}") = "01.基础", "01.基础", "{AF894804-A766-4C5B-BBD6-9A05DC28CBAB}"
EndProject
Project("{2150E333-8FDC-42A3-9474-1A3956D46DE8}") = "2.面向对象", "2.面向对象", "{179A02F9-EB17-41EB-BB9D-EBEEA3A7E816}"
EndProject
Project("{2150E333-8FDC-42A3-9474-1A3956D46DE8}") = "1.封装", "1.封装", "{31C4AC82-7BAD-49D4-909D-6863AB1C0690}"
EndProject
Project("{2150E333-8FDC-42A3-9474-1A3956D46DE8}") = "2.继承", "2.继承", "{F8B4C0D3-8A00-487A-8F2B-1CB54FE9560F}"
EndProject
Project("{2150E333-8FDC-42A3-9474-1A3956D46DE8}") = "3.多态", "3.多态", "{9C6B6435-8280-4718-8D35-90BA60C82750}"
EndProject
Project("{2150E333-8FDC-42A3-9474-1A3956D46DE8}") = "3.2常用技能", "3.2常用技能", "{8005734C-C156-4FDD-B9BD-245A4C26688F}"
EndProject
Project("{2150E333-8FDC-42A3-9474-1A3956D46DE8}") = "4.原理系列", "4.原理系列", "{30C7082F-A6E3-4EE8-B7A6-B285DD917EC2}"
EndProject
Project("{2150E333-8FDC-42A3-9474-1A3956D46DE8}") = "5.逆天类库", "5.逆天类库", "{A026EFD0-229E-426E-A2F3-7B678592C614}"
EndProject
Project("{FAE04EC0-301F-11D3-BF4B-00C04F79EFBC}") = "01.交换两数", "1.面向过程\01.基础\01.交换两数\01.交换两数.csproj", "{0AC7CBDC-6731-4CCA-8F0D-6FC7A1A4D110}"
EndProject
Project("{FAE04EC0-301F-11D3-BF4B-00C04F79EFBC}") = "02.求最大值", "1.面向过程\01.基础\02.求最大值\02.求最大值.csproj", "{AEB1FA41-7DC8-4B7F-AFC1-635D939722E8}"
EndProject
Project("{FAE04EC0-301F-11D3-BF4B-00C04F79EFBC}") = "03.1数组探讨", "1.面向过程\02.数组系列\03.1数组探讨\03.1数组探讨.csproj", "{E110E87C-2AF6-4755-891B-EAA44EF74DBD}"
EndProject
Project("{FAE04EC0-301F-11D3-BF4B-00C04F79EFBC}") = "03.2数组扩容", "1.面向过程\02.数组系列\03.2数组封装\03.2数组扩容.csproj", "{55D4E64C-846A-4C52-AC0B-42DF080F11A7}"
EndProject
Project("{FAE04EC0-301F-11D3-BF4B-00C04F79EFBC}") = "03.3多维数组", "1.面向过程\02.数组系列\03.3二维数组\03.3多维数组.csproj", "{93A2EB12-6CC3-4AD7-9501-CF4A19A9428E}"
EndProject
Project("{FAE04EC0-301F-11D3-BF4B-00C04F79EFBC}") = "03.4交错数组", "1.面向过程\02.数组系列\03.4交错数组\03.4交错数组.csproj", "{BC95FF5E-3C48-4B79-B931-79E801563F75}"
EndProject
Project("{FAE04EC0-301F-11D3-BF4B-00C04F79EFBC}") = "03.5数组插入", "1.面向过程\02.数组系列\03.5数组插入\03.5数组插入.csproj", "{88D67709-7397-4F4E-96F1-B32F7A37F84E}"
EndProject
Project("{FAE04EC0-301F-11D3-BF4B-00C04F79EFBC}") = "01.封装-类", "2.面向对象\1.封装\01.封装-类\01.封装-类.csproj", "{B4D687A7-6C68-4E62-AA23-C1A17217E2A2}"
EndProject
Project("{FAE04EC0-301F-11D3-BF4B-00C04F79EFBC}") = "02.继承", "2.面向对象\2.继承\02.继承\02.继承.csproj", "{5E999910-BC40-4875-B070-66A92A86A255}"
EndProject
Project("{FAE04EC0-301F-11D3-BF4B-00C04F79EFBC}") = "03.1虚方法实现多态", "2.面向对象\3.多态\03.1虚方法实现多态\03.1虚方法实现多态.csproj", "{067119C8-2F13-4204-BB40-9A6BAC98B415}"
EndProject
Project("{FAE04EC0-301F-11D3-BF4B-00C04F79EFBC}") = "03.2抽象方法实现多态", "2.面向对象\3.多态\03.2抽象方法实现多态\03.2抽象方法实现多态.csproj", "{BDA91DC8-E0A7-468F-8D0A-1E3EE5853917}"
EndProject
Project("{FAE04EC0-301F-11D3-BF4B-00C04F79EFBC}") = "03.3接口实现多态", "2.面向对象\3.多态\03.3接口实现多态\03.3接口实现多态.csproj", "{666E525E-978C-4CFE-ACC0-621C29BA964C}"
EndProject
Project("{FAE04EC0-301F-11D3-BF4B-00C04F79EFBC}") = "01.Json系列", "3.常用技能\01.Json系列\01.Json系列.csproj", "{B8F07B0E-005B-42E7-8A33-9801A94A39D7}"
EndProject
Project("{FAE04EC0-301F-11D3-BF4B-00C04F79EFBC}") = "LoTLibrary", "5.逆天类库\LoTLibrary\LoTLibrary.csproj", "{363C92FE-DB44-4767-BDC1-4A2E530BF8F6}"
EndProject
Project("{FAE04EC0-301F-11D3-BF4B-00C04F79EFBC}") = "LoTLibrary.Test", "5.逆天类库\LoTLibrary.Test\LoTLibrary.Test.csproj", "{85426098-D90E-4F3C-9A7D-53949E347C4C}"
EndProject
Project("{FAE04EC0-301F-11D3-BF4B-00C04F79EFBC}") = "1.集合为什么能用foreach遍历", "4.原理系列\1.集合为什么能用foreach\1.集合为什么能用foreach遍历.csproj", "{C51D1B34-FB22-4327-BAA9-0454A2C53215}"
EndProject
Project("{2150E333-8FDC-42A3-9474-1A3956D46DE8}") = "13.序列化系", "13.序列化系", "{BCF44CF5-19CF-44DD-B146-6F127521082C}"
EndProject
Project("{2150E333-8FDC-42A3-9474-1A3956D46DE8}") = "0.基础", "0.基础", "{215564C8-0686-4D38-B064-765B17FA6309}"
EndProject
Project("{FAE04EC0-301F-11D3-BF4B-00C04F79EFBC}") = "1.枚举默认之为0", "4.原理系列\0.基础\1.枚举默认之为0\1.枚举默认之为0.csproj", "{2675F5C5-0FF3-479B-9D1F-1343CF7F4B07}"
EndProject
Project("{2150E333-8FDC-42A3-9474-1A3956D46DE8}") = "6.网页基础", "6.网页基础", "{084E5BC5-C450-48C3-81C5-80A0AE3BCADF}"
EndProject
Project("{FAE04EC0-301F-11D3-BF4B-00C04F79EFBC}") = "A一般处理程序", "6.网页基础\A一般处理程序\A一般处理程序.csproj", "{5C3A3DA0-4119-43B2-9031-63CB211D9A6E}"
EndProject
Project("{2150E333-8FDC-42A3-9474-1A3956D46DE8}") = "7.其他系列", "7.其他系列", "{1F4EBDB8-1336-4C95-A3F8-CED1AE45BDEE}"
EndProject
Project("{2150E333-8FDC-42A3-9474-1A3956D46DE8}") = "DSignalR", "DSignalR", "{5F76D79D-83E3-4562-A14D-4E961C496B29}"
EndProject
Project("{FAE04EC0-301F-11D3-BF4B-00C04F79EFBC}") = "ZQQ", "6.网页基础\DSignalR\ZQQ\ZQQ.csproj", "{E29F7F82-3521-47AB-B662-40679829E0B0}"
EndProject
Project("{FAE04EC0-301F-11D3-BF4B-00C04F79EFBC}") = "WebClient", "6.网页基础\DSignalR\WebClient\WebClient.csproj", "{806569CE-5724-4BFC-BEE6-C8FED68DCDFB}"
EndProject
Project("{FAE04EC0-301F-11D3-BF4B-00C04F79EFBC}") = "WebApiClient", "6.网页基础\DSignalR\WebApiClient\WebApiClient.csproj", "{057E3F7B-A7F1-4D53-8E4A-9B2B9051208F}"
EndProject
Project("{FAE04EC0-301F-11D3-BF4B-00C04F79EFBC}") = "SignalRClient", "6.网页基础\DSignalR\SignalRClient\SignalRClient.csproj", "{6B5B3F8B-A9EC-4F6A-9D3A-819A788EEACF}"
EndProject
Project("{FAE04EC0-301F-11D3-BF4B-00C04F79EFBC}") = "OWIN_SignalR", "6.网页基础\DSignalR\OWIN_SignalR\OWIN_SignalR.csproj", "{762041B3-8F9B-49E0-B0B5-7BA7AB0628DB}"
EndProject
Project("{FAE04EC0-301F-11D3-BF4B-00C04F79EFBC}") = "OWIN.WebAPi", "6.网页基础\DSignalR\OWIN.WebAPi_SignalR\OWIN.WebAPi.csproj", "{17B831E2-1958-441B-853E-61D14C3839C2}"
EndProject
Project("{2150E333-8FDC-42A3-9474-1A3956D46DE8}") = "03.文件上传", "03.文件上传", "{3AB6BBE4-6799-4055-B561-5DB8D819F3BF}"
EndProject
Project("{FAE04EC0-301F-11D3-BF4B-00C04F79EFBC}") = "01.Webuploader", "3.常用技能\02.uploader系列\01.Webuploader\01.Webuploader.csproj", "{3C191A9C-75C6-4AB2-BEF4-A588D6BEF13D}"
EndProject
Project("{FAE04EC0-301F-11D3-BF4B-00C04F79EFBC}") = "02.LoTUploader", "3.常用技能\02.uploader系列\02.LoTUploader\02.LoTUploader.csproj", "{8141E897-AC90-4A3D-B7C4-FEB7767B3841}"
EndProject
Project("{2150E333-8FDC-42A3-9474-1A3956D46DE8}") = "04.编辑器等", "04.编辑器等", "{B3A53B29-6733-4849-A73A-291AC1AF6440}"
EndProject
Project("{2150E333-8FDC-42A3-9474-1A3956D46DE8}") = "05.分页表格", "05.分页表格", "{2ACE187A-D2DE-47F9-B0F6-B35D0653F6DF}"
EndProject
Project("{FAE04EC0-301F-11D3-BF4B-00C04F79EFBC}") = "BootStrap-Table", "3.常用技能\04.Table\BootStrap-Table\BootStrap-Table.csproj", "{F05064A5-24BB-46A4-B01B-BAA22C46534B}"
EndProject
Project("{2150E333-8FDC-42A3-9474-1A3956D46DE8}") = "02.对象映射", "02.对象映射", "{2A667694-F160-40A4-9BFE-FB014DF4AE3C}"
EndProject
Project("{FAE04EC0-301F-11D3-BF4B-00C04F79EFBC}") = "01.AutoMapper", "3.常用技能\05.AutoMapper\_AutoMapper\01.AutoMapper.csproj", "{73DDD46C-CB3F-4616-A3D6-C2B7343ECA6B}"
EndProject
Project("{FAE04EC0-301F-11D3-BF4B-00C04F79EFBC}") = "03.异或运算", "1.面向过程\01.基础\03.异或运算\03.异或运算.csproj", "{83EF4968-93DA-4069-B0A1-A5757D80D56E}"
EndProject
Project("{FAE04EC0-301F-11D3-BF4B-00C04F79EFBC}") = "04.移位运算", "1.面向过程\01.基础\04.移位运算\04.移位运算.csproj", "{267D3689-28CD-4492-95A5-AEC70EA0654D}"
EndProject
Project("{FAE04EC0-301F-11D3-BF4B-00C04F79EFBC}") = "01.Ueditor", "3.常用技能\03.Editor\01.Ueditor\01.Ueditor.csproj", "{56849E44-A99C-4AB0-BF31-44791CC7150F}"
EndProject
Project("{FAE04EC0-301F-11D3-BF4B-00C04F79EFBC}") = "02.KindEditor", "3.常用技能\03.Editor\02.KindEditor\02.KindEditor.csproj", "{9D5811B9-D561-4527-8FC5-CC68A356F072}"
EndProject
Project("{2150E333-8FDC-42A3-9474-1A3956D46DE8}") = "01.定位系列", "01.定位系列", "{ED8FD338-D2AE-436D-8756-8C0AF49A3CA0}"
EndProject
Project("{2150E333-8FDC-42A3-9474-1A3956D46DE8}") = "0.知识拓展", "0.知识拓展", "{479B6E35-4893-4649-B9EC-1141DC55B501}"
EndProject
Project("{FAE04EC0-301F-11D3-BF4B-00C04F79EFBC}") = "1.1.DNS", "0.知识拓展\01.网络编程\1.System.Net\1.1.DNS\1.1.DNS.csproj", "{F3B9E3CB-7E4C-491D-B8BA-11E4640981E8}"
EndProject
Project("{FAE04EC0-301F-11D3-BF4B-00C04F79EFBC}") = "1.2.IPAddress", "0.知识拓展\01.网络编程\1.System.Net\1.2.IPAddress\1.2.IPAddress.csproj", "{39ADC7B3-84D4-4278-81FE-50F82ED3B146}"
EndProject
Project("{FAE04EC0-301F-11D3-BF4B-00C04F79EFBC}") = "1.3.IPEndPoint", "0.知识拓展\01.网络编程\1.System.Net\1.3.IPEndPoint\1.3.IPEndPoint.csproj", "{321E4A6F-AD77-4192-BAD9-5583689730FF}"
EndProject
Project("{FAE04EC0-301F-11D3-BF4B-00C04F79EFBC}") = "1.4.WebClient", "0.知识拓展\01.网络编程\1.System.Net\1.4.WebClient\1.4.WebClient.csproj", "{02F517F6-0226-4A90-95D3-1E2B4D88A7CC}"
EndProject
Project("{FAE04EC0-301F-11D3-BF4B-00C04F79EFBC}") = "1.5.WebRequest_WebResponse", "0.知识拓展\01.网络编程\1.System.Net\1.5.WebRequest_WebResponse\1.5.WebRequest_WebResponse.csproj", "{56C77EBC-A6C4-4D31-8877-EB694704CF6A}"
EndProject
Project("{2150E333-8FDC-42A3-9474-1A3956D46DE8}") = "01.网络编程", "01.网络编程", "{DD9E5905-42B9-4915-95BF-AA868E8398A2}"
EndProject
Project("{2150E333-8FDC-42A3-9474-1A3956D46DE8}") = "1.System.Net", "1.System.Net", "{956CF57B-B69D-4E1B-8A76-0B8817402515}"
EndProject
Project("{2150E333-8FDC-42A3-9474-1A3956D46DE8}") = "2.System.Net.Sockets", "2.System.Net.Sockets", "{C726DA4A-B0F7-43B9-BF72-BEE3AEC71306}"
EndProject
Project("{FAE04EC0-301F-11D3-BF4B-00C04F79EFBC}") = "2.1.Socket", "0.知识拓展\01.网络编程\2.System.Net.Sockets\2.1.Socket\2.1.Socket.csproj", "{2C05A127-15F8-4AB9-A3AF-1F82610B287E}"
EndProject
Project("{FAE04EC0-301F-11D3-BF4B-00C04F79EFBC}") = "2.2.TcpClient_TcpListener", "0.知识拓展\01.网络编程\2.System.Net.Sockets\2.2.TcpClient_TcpListener\2.2.TcpClient_TcpListener.csproj", "{13600FAD-7019-43E9-95B8-76EB958DB9CF}"
EndProject
Project("{FAE04EC0-301F-11D3-BF4B-00C04F79EFBC}") = "2.3.UdpClient", "0.知识拓展\01.网络编程\2.System.Net.Sockets\2.3.UdpClient\2.3.UdpClient.csproj", "{EB4F9EB5-1DD3-46BD-90BF-5836CD3E9017}"
EndProject
Project("{2150E333-8FDC-42A3-9474-1A3956D46DE8}") = "3.System.Net.Mail", "3.System.Net.Mail", "{A1CEEE34-6477-4C71-87F5-4741A8B8309D}"
EndProject
Project("{FAE04EC0-301F-11D3-BF4B-00C04F79EFBC}") = "3.1.Email", "0.知识拓展\01.网络编程\3.System.Net.Mail\3.3.SmtpClient\3.1.Email.csproj", "{A3DC9C61-477C-4EC6-A4C8-D85FE7B7D2F0}"
EndProject
Project("{2150E333-8FDC-42A3-9474-1A3956D46DE8}") = "02.注册表系", "02.注册表系", "{9865EA93-944E-4187-9049-C53F1E9F2F30}"
EndProject
Project("{FAE04EC0-301F-11D3-BF4B-00C04F79EFBC}") = "1.注册表基础系列", "0.知识拓展\02.注册表系\1.注册表基础\1.注册表基础系列.csproj", "{1AEC107E-A582-4902-974B-27ECC228221C}"
EndProject
Project("{FAE04EC0-301F-11D3-BF4B-00C04F79EFBC}") = "2.增删改查注册表", "0.知识拓展\02.注册表系\2.创建修改注册表\2.增删改查注册表.csproj", "{88103041-580D-4539-B765-8F18AE781DAA}"
EndProject
Project("{FAE04EC0-301F-11D3-BF4B-00C04F79EFBC}") = "3.帮助类实战系列", "0.知识拓展\02.注册表系\3.帮助类实战系列\3.帮助类实战系列.csproj", "{52FA556D-F28A-4F84-B7D1-F96643704523}"
EndProject
Project("{2150E333-8FDC-42A3-9474-1A3956D46DE8}") = "00.WebBase", "00.WebBase", "{21F46016-6247-4D50-BD13-FA0E2846F310}"
EndProject
Project("{E24C65DC-7377-472B-9ABA-BC803B73C61A}") = "Manager", "..\LoTUI\Manager\", "{C39574ED-296C-45C7-8A9D-953E7A50A494}"
	ProjectSection(WebsiteProperties) = preProject
		TargetFrameworkMoniker = ".NETFramework,Version%3Dv4.0"
		Debug.AspNetCompiler.VirtualPath = "/localhost_2438"
		Debug.AspNetCompiler.PhysicalPath = "..\LoTUI\Manager\"
		Debug.AspNetCompiler.TargetPath = "PrecompiledWeb\localhost_2438\"
		Debug.AspNetCompiler.Updateable = "true"
		Debug.AspNetCompiler.ForceOverwrite = "true"
		Debug.AspNetCompiler.FixedNames = "false"
		Debug.AspNetCompiler.Debug = "True"
		Release.AspNetCompiler.VirtualPath = "/localhost_2438"
		Release.AspNetCompiler.PhysicalPath = "..\LoTUI\Manager\"
		Release.AspNetCompiler.TargetPath = "PrecompiledWeb\localhost_2438\"
		Release.AspNetCompiler.Updateable = "true"
		Release.AspNetCompiler.ForceOverwrite = "true"
		Release.AspNetCompiler.FixedNames = "false"
		Release.AspNetCompiler.Debug = "False"
		VWDPort = "2438"
		SlnRelativePath = "..\LoTUI\Manager\"
	EndProjectSection
EndProject
Project("{FAE04EC0-301F-11D3-BF4B-00C04F79EFBC}") = "01.IPToPosition", "3.常用技能\06.Position\01.IPToPosition\01.IPToPosition.csproj", "{C542ED98-90BC-4919-8274-33987F5D7ADE}"
EndProject
Project("{FAE04EC0-301F-11D3-BF4B-00C04F79EFBC}") = "03.WangEditor", "3.常用技能\03.Editor\03.WangEditor\03.WangEditor.csproj", "{D1C9B56E-955D-4F99-B71A-4193DCD7CD1B}"
EndProject
Project("{FAE04EC0-301F-11D3-BF4B-00C04F79EFBC}") = "00.Uploader", "3.常用技能\02.uploader系列\00.Uploader\00.Uploader.csproj", "{7D153FFD-4C9D-40A0-92DF-0314830EED35}"
EndProject
Project("{2150E333-8FDC-42A3-9474-1A3956D46DE8}") = "12..邮件系列", "12..邮件系列", "{D13F378D-BA1C-403C-BBAC-FC6983A917A7}"
EndProject
Project("{2150E333-8FDC-42A3-9474-1A3956D46DE8}") = "3.3提升技能", "3.3提升技能", "{0ED5A390-84CD-4253-AC3C-1671EBAB7284}"
EndProject
Project("{2150E333-8FDC-42A3-9474-1A3956D46DE8}") = "3.1前端技能", "3.1前端技能", "{BBD70DFE-1163-436E-8146-4F40ECDA4000}"
EndProject
Project("{2150E333-8FDC-42A3-9474-1A3956D46DE8}") = "02.二维码系", "02.二维码系", "{5F987C56-443E-447E-A0D0-7BE9A5D85C54}"
EndProject
Project("{2150E333-8FDC-42A3-9474-1A3956D46DE8}") = "06.防盗链系", "06.防盗链系", "{0A88445A-8CD4-4FA0-A318-EB8D2C7B702C}"
EndProject
Project("{2150E333-8FDC-42A3-9474-1A3956D46DE8}") = "07.加密解密", "07.加密解密", "{9DF69FE9-8BCB-481D-8AA0-475BBA0FE7DE}"
EndProject
Project("{2150E333-8FDC-42A3-9474-1A3956D46DE8}") = "10.缩略图系", "10.缩略图系", "{5631ED7E-017A-4062-A7D4-4FE26D32006D}"
EndProject
Project("{2150E333-8FDC-42A3-9474-1A3956D46DE8}") = "09.水印系列", "09.水印系列", "{F8DDA0AF-73DF-42CB-ABEE-A25E8BF583E2}"
EndProject
Project("{2150E333-8FDC-42A3-9474-1A3956D46DE8}") = "14.日记系列", "14.日记系列", "{BEB058AB-EA74-4B2D-B93E-AEB822BDFCB1}"
EndProject
Project("{2150E333-8FDC-42A3-9474-1A3956D46DE8}") = "08.压缩解压", "08.压缩解压", "{F169232C-CE32-4496-B47B-3503A5FA7FA8}"
EndProject
Project("{2150E333-8FDC-42A3-9474-1A3956D46DE8}") = "11.验证码系", "11.验证码系", "{FC181F6F-0145-4A7F-AC72-3D391A7E7B3F}"
EndProject
Project("{FAE04EC0-301F-11D3-BF4B-00C04F79EFBC}") = "1.Email", "3.常用技能\07.Email\Email\1.Email.csproj", "{1A661876-D190-479C-8A3C-21B9EF0126D4}"
EndProject
Project("{FAE04EC0-301F-11D3-BF4B-00C04F79EFBC}") = "0.QQEmail", "3.常用技能\07.Email\QQEmail\0.QQEmail.csproj", "{6597F1E2-84A0-40EB-8140-A2F7B207885F}"
EndProject
Project("{FAE04EC0-301F-11D3-BF4B-00C04F79EFBC}") = "2.EmailAPI", "3.常用技能\07.Email\2.EmailAPI\2.EmailAPI.csproj", "{79BB245D-6D75-4DD6-B779-021038885902}"
EndProject
Project("{2150E333-8FDC-42A3-9474-1A3956D46DE8}") = "03.依赖注入", "03.依赖注入", "{F7DF6E2B-F756-43F5-B48C-BD8C34D7D366}"
EndProject
Project("{FAE04EC0-301F-11D3-BF4B-00C04F79EFBC}") = "1.AutoFac", "3.常用技能\8.AutoFac\1.AutoFac\1.AutoFac.csproj", "{01EA2AE5-7B14-4665-A658-68AE12B83804}"
EndProject
Project("{FAE04EC0-301F-11D3-BF4B-00C04F79EFBC}") = "0.JavaScript", "3.常用技能\06.Position\0.JavaScript\0.JavaScript.csproj", "{7CDE0838-7246-4B03-9CE8-614A6401DD7B}"
EndProject
Project("{2150E333-8FDC-42A3-9474-1A3956D46DE8}") = "BMVC5Base", "BMVC5Base", "{47E6B7B9-97EC-480A-9005-CA74974DC3B7}"
EndProject
Project("{2150E333-8FDC-42A3-9474-1A3956D46DE8}") = "AASHX", "AASHX", "{1CFF8E69-2D05-4618-BED6-D2B1E914E454}"
EndProject
Project("{FAE04EC0-301F-11D3-BF4B-00C04F79EFBC}") = "MVC5Base.Tests", "6.网页基础\BMVC5\MVC5Base.Tests\MVC5Base.Tests.csproj", "{2F1226F1-7595-4FFF-8508-392281E4E333}"
EndProject
Project("{FAE04EC0-301F-11D3-BF4B-00C04F79EFBC}") = "MVC5Base", "6.网页基础\BMVC5\MVC5Base\MVC5Base.csproj", "{52B52FA3-9514-4AEE-A9E1-8C9E0004F0F1}"
EndProject
Project("{FAE04EC0-301F-11D3-BF4B-00C04F79EFBC}") = "09.WatermarkDemo", "3.常用技能\09.WatermarkDemo\09.WatermarkDemo.csproj", "{B03B50CD-FCF4-483F-AA87-5C6DB9274444}"
EndProject
Project("{FAE04EC0-301F-11D3-BF4B-00C04F79EFBC}") = "05.乘法口诀", "1.面向过程\01.基础\05.乘法口诀\05.乘法口诀.csproj", "{7BF87BA1-E6BC-4524-A537-D837AD519C78}"
EndProject
Project("{FAE04EC0-301F-11D3-BF4B-00C04F79EFBC}") = "06.常见几何", "1.面向过程\01.基础\06.常见几何\06.常见几何.csproj", "{CECFAB9C-8741-43C2-84D2-E948081E5F35}"
EndProject
Project("{FAE04EC0-301F-11D3-BF4B-00C04F79EFBC}") = "03.6数值插入2", "1.面向过程\02.数组系列\03.6数值插入2\03.6数值插入2.csproj", "{017E719B-C7FB-4065-ADA1-99675EFB6BCD}"
EndProject
Project("{FAE04EC0-301F-11D3-BF4B-00C04F79EFBC}") = "07.加法表", "1.面向过程\01.基础\07.加法表\07.加法表.csproj", "{37F78F47-1B4A-4363-9B75-0EA525CEC84D}"
EndProject
Project("{FAE04EC0-301F-11D3-BF4B-00C04F79EFBC}") = "08.数组反序", "1.面向过程\01.基础\08.数组反序\08.数组反序.csproj", "{4F08AF71-3FD8-44A0-9ECB-80F727A1E033}"
EndProject
Project("{FAE04EC0-301F-11D3-BF4B-00C04F79EFBC}") = "09.质数练习", "1.面向过程\01.基础\09.质数练习\09.质数练习.csproj", "{620E6E58-F34B-46EC-AFC0-8A3C8677C1FA}"
EndProject
Project("{FAE04EC0-301F-11D3-BF4B-00C04F79EFBC}") = "03.4简单工厂", "2.面向对象\3.多态\03.4简单工厂\03.4简单工厂.csproj", "{C10C8AC7-DD48-4AF5-8227-30E9AEA97B5D}"
EndProject
Project("{FAE04EC0-301F-11D3-BF4B-00C04F79EFBC}") = "03.5简单工厂扩展", "2.面向对象\3.多态\03.5简单工厂扩展\03.5简单工厂扩展.csproj", "{3AB50BCB-6971-4926-B357-0F4EC4D8656D}"
EndProject
Project("{2150E333-8FDC-42A3-9474-1A3956D46DE8}") = "4.字符串", "4.字符串", "{DC18F7E0-D37F-447E-B2F7-F1E08FE6ED0E}"
EndProject
Project("{FAE04EC0-301F-11D3-BF4B-00C04F79EFBC}") = "4.1.邮箱格式验证（非正则）", "2.面向对象\4.字符串\1.邮箱格式验证（非正则）\4.1.邮箱格式验证（非正则）.csproj", "{6F69A32B-09F7-413B-A0C3-E6521960066D}"
EndProject
Project("{FAE04EC0-301F-11D3-BF4B-00C04F79EFBC}") = "4.2.统计字符出现次数", "2.面向对象\4.字符串\2.统计字符出现次数\4.2.统计字符出现次数.csproj", "{19648A11-18E4-4916-8EE3-ADE7CAEC7001}"
EndProject
Project("{FAE04EC0-301F-11D3-BF4B-00C04F79EFBC}") = "4.3.统计字符串出现次数", "2.面向对象\4.字符串\3.统计字符串出现次数\4.3.统计字符串出现次数.csproj", "{59C38E8E-6EBE-4DA0-9FB5-026032C7373A}"
EndProject
Project("{FAE04EC0-301F-11D3-BF4B-00C04F79EFBC}") = "10.递归案例", "1.面向过程\01.基础\10.递归案例\10.递归案例.csproj", "{9EAEEC36-F76A-42DD-8E1B-37ED8513B34A}"
EndProject
Project("{2150E333-8FDC-42A3-9474-1A3956D46DE8}") = "练习", "练习", "{EBC2FF9F-A69C-44A6-B4C5-1EDD786D1AB6}"
EndProject
Project("{FAE04EC0-301F-11D3-BF4B-00C04F79EFBC}") = "1.饲养员喂食案例", "2.面向对象\3.多态\练习\饲养员喂食案例\1.饲养员喂食案例.csproj", "{AC9CDA51-7656-4486-8FE5-C3C998C7E3F4}"
EndProject
Global
	GlobalSection(SolutionConfigurationPlatforms) = preSolution
		Debug|Any CPU = Debug|Any CPU
		Release|Any CPU = Release|Any CPU
	EndGlobalSection
	GlobalSection(ProjectConfigurationPlatforms) = postSolution
		{0AC7CBDC-6731-4CCA-8F0D-6FC7A1A4D110}.Debug|Any CPU.ActiveCfg = Debug|Any CPU
		{0AC7CBDC-6731-4CCA-8F0D-6FC7A1A4D110}.Debug|Any CPU.Build.0 = Debug|Any CPU
		{0AC7CBDC-6731-4CCA-8F0D-6FC7A1A4D110}.Release|Any CPU.ActiveCfg = Release|Any CPU
		{0AC7CBDC-6731-4CCA-8F0D-6FC7A1A4D110}.Release|Any CPU.Build.0 = Release|Any CPU
		{AEB1FA41-7DC8-4B7F-AFC1-635D939722E8}.Debug|Any CPU.ActiveCfg = Debug|Any CPU
		{AEB1FA41-7DC8-4B7F-AFC1-635D939722E8}.Debug|Any CPU.Build.0 = Debug|Any CPU
		{AEB1FA41-7DC8-4B7F-AFC1-635D939722E8}.Release|Any CPU.ActiveCfg = Release|Any CPU
		{AEB1FA41-7DC8-4B7F-AFC1-635D939722E8}.Release|Any CPU.Build.0 = Release|Any CPU
		{E110E87C-2AF6-4755-891B-EAA44EF74DBD}.Debug|Any CPU.ActiveCfg = Debug|Any CPU
		{E110E87C-2AF6-4755-891B-EAA44EF74DBD}.Debug|Any CPU.Build.0 = Debug|Any CPU
		{E110E87C-2AF6-4755-891B-EAA44EF74DBD}.Release|Any CPU.ActiveCfg = Release|Any CPU
		{E110E87C-2AF6-4755-891B-EAA44EF74DBD}.Release|Any CPU.Build.0 = Release|Any CPU
		{55D4E64C-846A-4C52-AC0B-42DF080F11A7}.Debug|Any CPU.ActiveCfg = Debug|Any CPU
		{55D4E64C-846A-4C52-AC0B-42DF080F11A7}.Debug|Any CPU.Build.0 = Debug|Any CPU
		{55D4E64C-846A-4C52-AC0B-42DF080F11A7}.Release|Any CPU.ActiveCfg = Release|Any CPU
		{55D4E64C-846A-4C52-AC0B-42DF080F11A7}.Release|Any CPU.Build.0 = Release|Any CPU
		{93A2EB12-6CC3-4AD7-9501-CF4A19A9428E}.Debug|Any CPU.ActiveCfg = Debug|Any CPU
		{93A2EB12-6CC3-4AD7-9501-CF4A19A9428E}.Debug|Any CPU.Build.0 = Debug|Any CPU
		{93A2EB12-6CC3-4AD7-9501-CF4A19A9428E}.Release|Any CPU.ActiveCfg = Release|Any CPU
		{93A2EB12-6CC3-4AD7-9501-CF4A19A9428E}.Release|Any CPU.Build.0 = Release|Any CPU
		{BC95FF5E-3C48-4B79-B931-79E801563F75}.Debug|Any CPU.ActiveCfg = Debug|Any CPU
		{BC95FF5E-3C48-4B79-B931-79E801563F75}.Debug|Any CPU.Build.0 = Debug|Any CPU
		{BC95FF5E-3C48-4B79-B931-79E801563F75}.Release|Any CPU.ActiveCfg = Release|Any CPU
		{BC95FF5E-3C48-4B79-B931-79E801563F75}.Release|Any CPU.Build.0 = Release|Any CPU
		{88D67709-7397-4F4E-96F1-B32F7A37F84E}.Debug|Any CPU.ActiveCfg = Debug|Any CPU
		{88D67709-7397-4F4E-96F1-B32F7A37F84E}.Debug|Any CPU.Build.0 = Debug|Any CPU
		{88D67709-7397-4F4E-96F1-B32F7A37F84E}.Release|Any CPU.ActiveCfg = Release|Any CPU
		{88D67709-7397-4F4E-96F1-B32F7A37F84E}.Release|Any CPU.Build.0 = Release|Any CPU
		{B4D687A7-6C68-4E62-AA23-C1A17217E2A2}.Debug|Any CPU.ActiveCfg = Debug|Any CPU
		{B4D687A7-6C68-4E62-AA23-C1A17217E2A2}.Debug|Any CPU.Build.0 = Debug|Any CPU
		{B4D687A7-6C68-4E62-AA23-C1A17217E2A2}.Release|Any CPU.ActiveCfg = Release|Any CPU
		{B4D687A7-6C68-4E62-AA23-C1A17217E2A2}.Release|Any CPU.Build.0 = Release|Any CPU
		{5E999910-BC40-4875-B070-66A92A86A255}.Debug|Any CPU.ActiveCfg = Debug|Any CPU
		{5E999910-BC40-4875-B070-66A92A86A255}.Debug|Any CPU.Build.0 = Debug|Any CPU
		{5E999910-BC40-4875-B070-66A92A86A255}.Release|Any CPU.ActiveCfg = Release|Any CPU
		{5E999910-BC40-4875-B070-66A92A86A255}.Release|Any CPU.Build.0 = Release|Any CPU
		{067119C8-2F13-4204-BB40-9A6BAC98B415}.Debug|Any CPU.ActiveCfg = Debug|Any CPU
		{067119C8-2F13-4204-BB40-9A6BAC98B415}.Debug|Any CPU.Build.0 = Debug|Any CPU
		{067119C8-2F13-4204-BB40-9A6BAC98B415}.Release|Any CPU.ActiveCfg = Release|Any CPU
		{067119C8-2F13-4204-BB40-9A6BAC98B415}.Release|Any CPU.Build.0 = Release|Any CPU
		{BDA91DC8-E0A7-468F-8D0A-1E3EE5853917}.Debug|Any CPU.ActiveCfg = Debug|Any CPU
		{BDA91DC8-E0A7-468F-8D0A-1E3EE5853917}.Debug|Any CPU.Build.0 = Debug|Any CPU
		{BDA91DC8-E0A7-468F-8D0A-1E3EE5853917}.Release|Any CPU.ActiveCfg = Release|Any CPU
		{BDA91DC8-E0A7-468F-8D0A-1E3EE5853917}.Release|Any CPU.Build.0 = Release|Any CPU
		{666E525E-978C-4CFE-ACC0-621C29BA964C}.Debug|Any CPU.ActiveCfg = Debug|Any CPU
		{666E525E-978C-4CFE-ACC0-621C29BA964C}.Debug|Any CPU.Build.0 = Debug|Any CPU
		{666E525E-978C-4CFE-ACC0-621C29BA964C}.Release|Any CPU.ActiveCfg = Release|Any CPU
		{666E525E-978C-4CFE-ACC0-621C29BA964C}.Release|Any CPU.Build.0 = Release|Any CPU
		{B8F07B0E-005B-42E7-8A33-9801A94A39D7}.Debug|Any CPU.ActiveCfg = Debug|Any CPU
		{B8F07B0E-005B-42E7-8A33-9801A94A39D7}.Debug|Any CPU.Build.0 = Debug|Any CPU
		{B8F07B0E-005B-42E7-8A33-9801A94A39D7}.Release|Any CPU.ActiveCfg = Release|Any CPU
		{B8F07B0E-005B-42E7-8A33-9801A94A39D7}.Release|Any CPU.Build.0 = Release|Any CPU
		{363C92FE-DB44-4767-BDC1-4A2E530BF8F6}.Debug|Any CPU.ActiveCfg = Debug|Any CPU
		{363C92FE-DB44-4767-BDC1-4A2E530BF8F6}.Debug|Any CPU.Build.0 = Debug|Any CPU
		{363C92FE-DB44-4767-BDC1-4A2E530BF8F6}.Release|Any CPU.ActiveCfg = Release|Any CPU
		{363C92FE-DB44-4767-BDC1-4A2E530BF8F6}.Release|Any CPU.Build.0 = Release|Any CPU
		{85426098-D90E-4F3C-9A7D-53949E347C4C}.Debug|Any CPU.ActiveCfg = Debug|Any CPU
		{85426098-D90E-4F3C-9A7D-53949E347C4C}.Debug|Any CPU.Build.0 = Debug|Any CPU
		{85426098-D90E-4F3C-9A7D-53949E347C4C}.Release|Any CPU.ActiveCfg = Release|Any CPU
		{85426098-D90E-4F3C-9A7D-53949E347C4C}.Release|Any CPU.Build.0 = Release|Any CPU
		{C51D1B34-FB22-4327-BAA9-0454A2C53215}.Debug|Any CPU.ActiveCfg = Debug|Any CPU
		{C51D1B34-FB22-4327-BAA9-0454A2C53215}.Debug|Any CPU.Build.0 = Debug|Any CPU
		{C51D1B34-FB22-4327-BAA9-0454A2C53215}.Release|Any CPU.ActiveCfg = Release|Any CPU
		{C51D1B34-FB22-4327-BAA9-0454A2C53215}.Release|Any CPU.Build.0 = Release|Any CPU
		{2675F5C5-0FF3-479B-9D1F-1343CF7F4B07}.Debug|Any CPU.ActiveCfg = Debug|Any CPU
		{2675F5C5-0FF3-479B-9D1F-1343CF7F4B07}.Debug|Any CPU.Build.0 = Debug|Any CPU
		{2675F5C5-0FF3-479B-9D1F-1343CF7F4B07}.Release|Any CPU.ActiveCfg = Release|Any CPU
		{2675F5C5-0FF3-479B-9D1F-1343CF7F4B07}.Release|Any CPU.Build.0 = Release|Any CPU
		{5C3A3DA0-4119-43B2-9031-63CB211D9A6E}.Debug|Any CPU.ActiveCfg = Debug|Any CPU
		{5C3A3DA0-4119-43B2-9031-63CB211D9A6E}.Debug|Any CPU.Build.0 = Debug|Any CPU
		{5C3A3DA0-4119-43B2-9031-63CB211D9A6E}.Release|Any CPU.ActiveCfg = Release|Any CPU
		{5C3A3DA0-4119-43B2-9031-63CB211D9A6E}.Release|Any CPU.Build.0 = Release|Any CPU
		{E29F7F82-3521-47AB-B662-40679829E0B0}.Debug|Any CPU.ActiveCfg = Debug|Any CPU
		{E29F7F82-3521-47AB-B662-40679829E0B0}.Debug|Any CPU.Build.0 = Debug|Any CPU
		{E29F7F82-3521-47AB-B662-40679829E0B0}.Release|Any CPU.ActiveCfg = Release|Any CPU
		{E29F7F82-3521-47AB-B662-40679829E0B0}.Release|Any CPU.Build.0 = Release|Any CPU
		{806569CE-5724-4BFC-BEE6-C8FED68DCDFB}.Debug|Any CPU.ActiveCfg = Debug|Any CPU
		{806569CE-5724-4BFC-BEE6-C8FED68DCDFB}.Debug|Any CPU.Build.0 = Debug|Any CPU
		{806569CE-5724-4BFC-BEE6-C8FED68DCDFB}.Release|Any CPU.ActiveCfg = Release|Any CPU
		{806569CE-5724-4BFC-BEE6-C8FED68DCDFB}.Release|Any CPU.Build.0 = Release|Any CPU
		{057E3F7B-A7F1-4D53-8E4A-9B2B9051208F}.Debug|Any CPU.ActiveCfg = Debug|Any CPU
		{057E3F7B-A7F1-4D53-8E4A-9B2B9051208F}.Debug|Any CPU.Build.0 = Debug|Any CPU
		{057E3F7B-A7F1-4D53-8E4A-9B2B9051208F}.Release|Any CPU.ActiveCfg = Release|Any CPU
		{057E3F7B-A7F1-4D53-8E4A-9B2B9051208F}.Release|Any CPU.Build.0 = Release|Any CPU
		{6B5B3F8B-A9EC-4F6A-9D3A-819A788EEACF}.Debug|Any CPU.ActiveCfg = Debug|Any CPU
		{6B5B3F8B-A9EC-4F6A-9D3A-819A788EEACF}.Debug|Any CPU.Build.0 = Debug|Any CPU
		{6B5B3F8B-A9EC-4F6A-9D3A-819A788EEACF}.Release|Any CPU.ActiveCfg = Release|Any CPU
		{6B5B3F8B-A9EC-4F6A-9D3A-819A788EEACF}.Release|Any CPU.Build.0 = Release|Any CPU
		{762041B3-8F9B-49E0-B0B5-7BA7AB0628DB}.Debug|Any CPU.ActiveCfg = Debug|Any CPU
		{762041B3-8F9B-49E0-B0B5-7BA7AB0628DB}.Debug|Any CPU.Build.0 = Debug|Any CPU
		{762041B3-8F9B-49E0-B0B5-7BA7AB0628DB}.Release|Any CPU.ActiveCfg = Release|Any CPU
		{762041B3-8F9B-49E0-B0B5-7BA7AB0628DB}.Release|Any CPU.Build.0 = Release|Any CPU
		{17B831E2-1958-441B-853E-61D14C3839C2}.Debug|Any CPU.ActiveCfg = Debug|Any CPU
		{17B831E2-1958-441B-853E-61D14C3839C2}.Debug|Any CPU.Build.0 = Debug|Any CPU
		{17B831E2-1958-441B-853E-61D14C3839C2}.Release|Any CPU.ActiveCfg = Release|Any CPU
		{17B831E2-1958-441B-853E-61D14C3839C2}.Release|Any CPU.Build.0 = Release|Any CPU
		{3C191A9C-75C6-4AB2-BEF4-A588D6BEF13D}.Debug|Any CPU.ActiveCfg = Debug|Any CPU
		{3C191A9C-75C6-4AB2-BEF4-A588D6BEF13D}.Debug|Any CPU.Build.0 = Debug|Any CPU
		{3C191A9C-75C6-4AB2-BEF4-A588D6BEF13D}.Release|Any CPU.ActiveCfg = Release|Any CPU
		{3C191A9C-75C6-4AB2-BEF4-A588D6BEF13D}.Release|Any CPU.Build.0 = Release|Any CPU
		{8141E897-AC90-4A3D-B7C4-FEB7767B3841}.Debug|Any CPU.ActiveCfg = Debug|Any CPU
		{8141E897-AC90-4A3D-B7C4-FEB7767B3841}.Debug|Any CPU.Build.0 = Debug|Any CPU
		{8141E897-AC90-4A3D-B7C4-FEB7767B3841}.Release|Any CPU.ActiveCfg = Release|Any CPU
		{8141E897-AC90-4A3D-B7C4-FEB7767B3841}.Release|Any CPU.Build.0 = Release|Any CPU
		{F05064A5-24BB-46A4-B01B-BAA22C46534B}.Debug|Any CPU.ActiveCfg = Debug|Any CPU
		{F05064A5-24BB-46A4-B01B-BAA22C46534B}.Debug|Any CPU.Build.0 = Debug|Any CPU
		{F05064A5-24BB-46A4-B01B-BAA22C46534B}.Release|Any CPU.ActiveCfg = Release|Any CPU
		{F05064A5-24BB-46A4-B01B-BAA22C46534B}.Release|Any CPU.Build.0 = Release|Any CPU
		{73DDD46C-CB3F-4616-A3D6-C2B7343ECA6B}.Debug|Any CPU.ActiveCfg = Debug|Any CPU
		{73DDD46C-CB3F-4616-A3D6-C2B7343ECA6B}.Debug|Any CPU.Build.0 = Debug|Any CPU
		{73DDD46C-CB3F-4616-A3D6-C2B7343ECA6B}.Release|Any CPU.ActiveCfg = Release|Any CPU
		{73DDD46C-CB3F-4616-A3D6-C2B7343ECA6B}.Release|Any CPU.Build.0 = Release|Any CPU
		{83EF4968-93DA-4069-B0A1-A5757D80D56E}.Debug|Any CPU.ActiveCfg = Debug|Any CPU
		{83EF4968-93DA-4069-B0A1-A5757D80D56E}.Debug|Any CPU.Build.0 = Debug|Any CPU
		{83EF4968-93DA-4069-B0A1-A5757D80D56E}.Release|Any CPU.ActiveCfg = Release|Any CPU
		{83EF4968-93DA-4069-B0A1-A5757D80D56E}.Release|Any CPU.Build.0 = Release|Any CPU
		{267D3689-28CD-4492-95A5-AEC70EA0654D}.Debug|Any CPU.ActiveCfg = Debug|Any CPU
		{267D3689-28CD-4492-95A5-AEC70EA0654D}.Debug|Any CPU.Build.0 = Debug|Any CPU
		{267D3689-28CD-4492-95A5-AEC70EA0654D}.Release|Any CPU.ActiveCfg = Release|Any CPU
		{267D3689-28CD-4492-95A5-AEC70EA0654D}.Release|Any CPU.Build.0 = Release|Any CPU
		{56849E44-A99C-4AB0-BF31-44791CC7150F}.Debug|Any CPU.ActiveCfg = Debug|Any CPU
		{56849E44-A99C-4AB0-BF31-44791CC7150F}.Debug|Any CPU.Build.0 = Debug|Any CPU
		{56849E44-A99C-4AB0-BF31-44791CC7150F}.Release|Any CPU.ActiveCfg = Release|Any CPU
		{56849E44-A99C-4AB0-BF31-44791CC7150F}.Release|Any CPU.Build.0 = Release|Any CPU
		{9D5811B9-D561-4527-8FC5-CC68A356F072}.Debug|Any CPU.ActiveCfg = Debug|Any CPU
		{9D5811B9-D561-4527-8FC5-CC68A356F072}.Debug|Any CPU.Build.0 = Debug|Any CPU
		{9D5811B9-D561-4527-8FC5-CC68A356F072}.Release|Any CPU.ActiveCfg = Release|Any CPU
		{9D5811B9-D561-4527-8FC5-CC68A356F072}.Release|Any CPU.Build.0 = Release|Any CPU
		{F3B9E3CB-7E4C-491D-B8BA-11E4640981E8}.Debug|Any CPU.ActiveCfg = Debug|Any CPU
		{F3B9E3CB-7E4C-491D-B8BA-11E4640981E8}.Debug|Any CPU.Build.0 = Debug|Any CPU
		{F3B9E3CB-7E4C-491D-B8BA-11E4640981E8}.Release|Any CPU.ActiveCfg = Release|Any CPU
		{F3B9E3CB-7E4C-491D-B8BA-11E4640981E8}.Release|Any CPU.Build.0 = Release|Any CPU
		{39ADC7B3-84D4-4278-81FE-50F82ED3B146}.Debug|Any CPU.ActiveCfg = Debug|Any CPU
		{39ADC7B3-84D4-4278-81FE-50F82ED3B146}.Debug|Any CPU.Build.0 = Debug|Any CPU
		{39ADC7B3-84D4-4278-81FE-50F82ED3B146}.Release|Any CPU.ActiveCfg = Release|Any CPU
		{39ADC7B3-84D4-4278-81FE-50F82ED3B146}.Release|Any CPU.Build.0 = Release|Any CPU
		{321E4A6F-AD77-4192-BAD9-5583689730FF}.Debug|Any CPU.ActiveCfg = Debug|Any CPU
		{321E4A6F-AD77-4192-BAD9-5583689730FF}.Debug|Any CPU.Build.0 = Debug|Any CPU
		{321E4A6F-AD77-4192-BAD9-5583689730FF}.Release|Any CPU.ActiveCfg = Release|Any CPU
		{321E4A6F-AD77-4192-BAD9-5583689730FF}.Release|Any CPU.Build.0 = Release|Any CPU
		{02F517F6-0226-4A90-95D3-1E2B4D88A7CC}.Debug|Any CPU.ActiveCfg = Debug|Any CPU
		{02F517F6-0226-4A90-95D3-1E2B4D88A7CC}.Debug|Any CPU.Build.0 = Debug|Any CPU
		{02F517F6-0226-4A90-95D3-1E2B4D88A7CC}.Release|Any CPU.ActiveCfg = Release|Any CPU
		{02F517F6-0226-4A90-95D3-1E2B4D88A7CC}.Release|Any CPU.Build.0 = Release|Any CPU
		{56C77EBC-A6C4-4D31-8877-EB694704CF6A}.Debug|Any CPU.ActiveCfg = Debug|Any CPU
		{56C77EBC-A6C4-4D31-8877-EB694704CF6A}.Debug|Any CPU.Build.0 = Debug|Any CPU
		{56C77EBC-A6C4-4D31-8877-EB694704CF6A}.Release|Any CPU.ActiveCfg = Release|Any CPU
		{56C77EBC-A6C4-4D31-8877-EB694704CF6A}.Release|Any CPU.Build.0 = Release|Any CPU
		{2C05A127-15F8-4AB9-A3AF-1F82610B287E}.Debug|Any CPU.ActiveCfg = Debug|Any CPU
		{2C05A127-15F8-4AB9-A3AF-1F82610B287E}.Debug|Any CPU.Build.0 = Debug|Any CPU
		{2C05A127-15F8-4AB9-A3AF-1F82610B287E}.Release|Any CPU.ActiveCfg = Release|Any CPU
		{2C05A127-15F8-4AB9-A3AF-1F82610B287E}.Release|Any CPU.Build.0 = Release|Any CPU
		{13600FAD-7019-43E9-95B8-76EB958DB9CF}.Debug|Any CPU.ActiveCfg = Debug|Any CPU
		{13600FAD-7019-43E9-95B8-76EB958DB9CF}.Debug|Any CPU.Build.0 = Debug|Any CPU
		{13600FAD-7019-43E9-95B8-76EB958DB9CF}.Release|Any CPU.ActiveCfg = Release|Any CPU
		{13600FAD-7019-43E9-95B8-76EB958DB9CF}.Release|Any CPU.Build.0 = Release|Any CPU
		{EB4F9EB5-1DD3-46BD-90BF-5836CD3E9017}.Debug|Any CPU.ActiveCfg = Debug|Any CPU
		{EB4F9EB5-1DD3-46BD-90BF-5836CD3E9017}.Debug|Any CPU.Build.0 = Debug|Any CPU
		{EB4F9EB5-1DD3-46BD-90BF-5836CD3E9017}.Release|Any CPU.ActiveCfg = Release|Any CPU
		{EB4F9EB5-1DD3-46BD-90BF-5836CD3E9017}.Release|Any CPU.Build.0 = Release|Any CPU
		{A3DC9C61-477C-4EC6-A4C8-D85FE7B7D2F0}.Debug|Any CPU.ActiveCfg = Debug|Any CPU
		{A3DC9C61-477C-4EC6-A4C8-D85FE7B7D2F0}.Debug|Any CPU.Build.0 = Debug|Any CPU
		{A3DC9C61-477C-4EC6-A4C8-D85FE7B7D2F0}.Release|Any CPU.ActiveCfg = Release|Any CPU
		{A3DC9C61-477C-4EC6-A4C8-D85FE7B7D2F0}.Release|Any CPU.Build.0 = Release|Any CPU
		{1AEC107E-A582-4902-974B-27ECC228221C}.Debug|Any CPU.ActiveCfg = Debug|Any CPU
		{1AEC107E-A582-4902-974B-27ECC228221C}.Debug|Any CPU.Build.0 = Debug|Any CPU
		{1AEC107E-A582-4902-974B-27ECC228221C}.Release|Any CPU.ActiveCfg = Release|Any CPU
		{1AEC107E-A582-4902-974B-27ECC228221C}.Release|Any CPU.Build.0 = Release|Any CPU
		{88103041-580D-4539-B765-8F18AE781DAA}.Debug|Any CPU.ActiveCfg = Debug|Any CPU
		{88103041-580D-4539-B765-8F18AE781DAA}.Debug|Any CPU.Build.0 = Debug|Any CPU
		{88103041-580D-4539-B765-8F18AE781DAA}.Release|Any CPU.ActiveCfg = Release|Any CPU
		{88103041-580D-4539-B765-8F18AE781DAA}.Release|Any CPU.Build.0 = Release|Any CPU
		{52FA556D-F28A-4F84-B7D1-F96643704523}.Debug|Any CPU.ActiveCfg = Debug|Any CPU
		{52FA556D-F28A-4F84-B7D1-F96643704523}.Debug|Any CPU.Build.0 = Debug|Any CPU
		{52FA556D-F28A-4F84-B7D1-F96643704523}.Release|Any CPU.ActiveCfg = Release|Any CPU
		{52FA556D-F28A-4F84-B7D1-F96643704523}.Release|Any CPU.Build.0 = Release|Any CPU
		{C39574ED-296C-45C7-8A9D-953E7A50A494}.Debug|Any CPU.ActiveCfg = Debug|Any CPU
		{C39574ED-296C-45C7-8A9D-953E7A50A494}.Debug|Any CPU.Build.0 = Debug|Any CPU
		{C39574ED-296C-45C7-8A9D-953E7A50A494}.Release|Any CPU.ActiveCfg = Debug|Any CPU
		{C39574ED-296C-45C7-8A9D-953E7A50A494}.Release|Any CPU.Build.0 = Debug|Any CPU
		{C542ED98-90BC-4919-8274-33987F5D7ADE}.Debug|Any CPU.ActiveCfg = Debug|Any CPU
		{C542ED98-90BC-4919-8274-33987F5D7ADE}.Debug|Any CPU.Build.0 = Debug|Any CPU
		{C542ED98-90BC-4919-8274-33987F5D7ADE}.Release|Any CPU.ActiveCfg = Release|Any CPU
		{C542ED98-90BC-4919-8274-33987F5D7ADE}.Release|Any CPU.Build.0 = Release|Any CPU
		{D1C9B56E-955D-4F99-B71A-4193DCD7CD1B}.Debug|Any CPU.ActiveCfg = Debug|Any CPU
		{D1C9B56E-955D-4F99-B71A-4193DCD7CD1B}.Debug|Any CPU.Build.0 = Debug|Any CPU
		{D1C9B56E-955D-4F99-B71A-4193DCD7CD1B}.Release|Any CPU.ActiveCfg = Release|Any CPU
		{D1C9B56E-955D-4F99-B71A-4193DCD7CD1B}.Release|Any CPU.Build.0 = Release|Any CPU
		{7D153FFD-4C9D-40A0-92DF-0314830EED35}.Debug|Any CPU.ActiveCfg = Debug|Any CPU
		{7D153FFD-4C9D-40A0-92DF-0314830EED35}.Debug|Any CPU.Build.0 = Debug|Any CPU
		{7D153FFD-4C9D-40A0-92DF-0314830EED35}.Release|Any CPU.ActiveCfg = Release|Any CPU
		{7D153FFD-4C9D-40A0-92DF-0314830EED35}.Release|Any CPU.Build.0 = Release|Any CPU
		{1A661876-D190-479C-8A3C-21B9EF0126D4}.Debug|Any CPU.ActiveCfg = Debug|Any CPU
		{1A661876-D190-479C-8A3C-21B9EF0126D4}.Debug|Any CPU.Build.0 = Debug|Any CPU
		{1A661876-D190-479C-8A3C-21B9EF0126D4}.Release|Any CPU.ActiveCfg = Release|Any CPU
		{1A661876-D190-479C-8A3C-21B9EF0126D4}.Release|Any CPU.Build.0 = Release|Any CPU
		{6597F1E2-84A0-40EB-8140-A2F7B207885F}.Debug|Any CPU.ActiveCfg = Debug|Any CPU
		{6597F1E2-84A0-40EB-8140-A2F7B207885F}.Debug|Any CPU.Build.0 = Debug|Any CPU
		{6597F1E2-84A0-40EB-8140-A2F7B207885F}.Release|Any CPU.ActiveCfg = Release|Any CPU
		{6597F1E2-84A0-40EB-8140-A2F7B207885F}.Release|Any CPU.Build.0 = Release|Any CPU
		{79BB245D-6D75-4DD6-B779-021038885902}.Debug|Any CPU.ActiveCfg = Debug|Any CPU
		{79BB245D-6D75-4DD6-B779-021038885902}.Debug|Any CPU.Build.0 = Debug|Any CPU
		{79BB245D-6D75-4DD6-B779-021038885902}.Release|Any CPU.ActiveCfg = Release|Any CPU
		{79BB245D-6D75-4DD6-B779-021038885902}.Release|Any CPU.Build.0 = Release|Any CPU
		{01EA2AE5-7B14-4665-A658-68AE12B83804}.Debug|Any CPU.ActiveCfg = Debug|Any CPU
		{01EA2AE5-7B14-4665-A658-68AE12B83804}.Debug|Any CPU.Build.0 = Debug|Any CPU
		{01EA2AE5-7B14-4665-A658-68AE12B83804}.Release|Any CPU.ActiveCfg = Release|Any CPU
		{01EA2AE5-7B14-4665-A658-68AE12B83804}.Release|Any CPU.Build.0 = Release|Any CPU
		{7CDE0838-7246-4B03-9CE8-614A6401DD7B}.Debug|Any CPU.ActiveCfg = Debug|Any CPU
		{7CDE0838-7246-4B03-9CE8-614A6401DD7B}.Debug|Any CPU.Build.0 = Debug|Any CPU
		{7CDE0838-7246-4B03-9CE8-614A6401DD7B}.Release|Any CPU.ActiveCfg = Release|Any CPU
		{7CDE0838-7246-4B03-9CE8-614A6401DD7B}.Release|Any CPU.Build.0 = Release|Any CPU
		{2F1226F1-7595-4FFF-8508-392281E4E333}.Debug|Any CPU.ActiveCfg = Debug|Any CPU
		{2F1226F1-7595-4FFF-8508-392281E4E333}.Debug|Any CPU.Build.0 = Debug|Any CPU
		{2F1226F1-7595-4FFF-8508-392281E4E333}.Release|Any CPU.ActiveCfg = Release|Any CPU
		{2F1226F1-7595-4FFF-8508-392281E4E333}.Release|Any CPU.Build.0 = Release|Any CPU
		{52B52FA3-9514-4AEE-A9E1-8C9E0004F0F1}.Debug|Any CPU.ActiveCfg = Debug|Any CPU
		{52B52FA3-9514-4AEE-A9E1-8C9E0004F0F1}.Debug|Any CPU.Build.0 = Debug|Any CPU
		{52B52FA3-9514-4AEE-A9E1-8C9E0004F0F1}.Release|Any CPU.ActiveCfg = Release|Any CPU
		{52B52FA3-9514-4AEE-A9E1-8C9E0004F0F1}.Release|Any CPU.Build.0 = Release|Any CPU
		{B03B50CD-FCF4-483F-AA87-5C6DB9274444}.Debug|Any CPU.ActiveCfg = Debug|Any CPU
		{B03B50CD-FCF4-483F-AA87-5C6DB9274444}.Debug|Any CPU.Build.0 = Debug|Any CPU
		{B03B50CD-FCF4-483F-AA87-5C6DB9274444}.Release|Any CPU.ActiveCfg = Release|Any CPU
		{B03B50CD-FCF4-483F-AA87-5C6DB9274444}.Release|Any CPU.Build.0 = Release|Any CPU
		{7BF87BA1-E6BC-4524-A537-D837AD519C78}.Debug|Any CPU.ActiveCfg = Debug|Any CPU
		{7BF87BA1-E6BC-4524-A537-D837AD519C78}.Debug|Any CPU.Build.0 = Debug|Any CPU
		{7BF87BA1-E6BC-4524-A537-D837AD519C78}.Release|Any CPU.ActiveCfg = Release|Any CPU
		{7BF87BA1-E6BC-4524-A537-D837AD519C78}.Release|Any CPU.Build.0 = Release|Any CPU
		{CECFAB9C-8741-43C2-84D2-E948081E5F35}.Debug|Any CPU.ActiveCfg = Debug|Any CPU
		{CECFAB9C-8741-43C2-84D2-E948081E5F35}.Debug|Any CPU.Build.0 = Debug|Any CPU
		{CECFAB9C-8741-43C2-84D2-E948081E5F35}.Release|Any CPU.ActiveCfg = Release|Any CPU
		{CECFAB9C-8741-43C2-84D2-E948081E5F35}.Release|Any CPU.Build.0 = Release|Any CPU
		{017E719B-C7FB-4065-ADA1-99675EFB6BCD}.Debug|Any CPU.ActiveCfg = Debug|Any CPU
		{017E719B-C7FB-4065-ADA1-99675EFB6BCD}.Debug|Any CPU.Build.0 = Debug|Any CPU
		{017E719B-C7FB-4065-ADA1-99675EFB6BCD}.Release|Any CPU.ActiveCfg = Release|Any CPU
		{017E719B-C7FB-4065-ADA1-99675EFB6BCD}.Release|Any CPU.Build.0 = Release|Any CPU
		{37F78F47-1B4A-4363-9B75-0EA525CEC84D}.Debug|Any CPU.ActiveCfg = Debug|Any CPU
		{37F78F47-1B4A-4363-9B75-0EA525CEC84D}.Debug|Any CPU.Build.0 = Debug|Any CPU
		{37F78F47-1B4A-4363-9B75-0EA525CEC84D}.Release|Any CPU.ActiveCfg = Release|Any CPU
		{37F78F47-1B4A-4363-9B75-0EA525CEC84D}.Release|Any CPU.Build.0 = Release|Any CPU
		{4F08AF71-3FD8-44A0-9ECB-80F727A1E033}.Debug|Any CPU.ActiveCfg = Debug|Any CPU
		{4F08AF71-3FD8-44A0-9ECB-80F727A1E033}.Debug|Any CPU.Build.0 = Debug|Any CPU
		{4F08AF71-3FD8-44A0-9ECB-80F727A1E033}.Release|Any CPU.ActiveCfg = Release|Any CPU
		{4F08AF71-3FD8-44A0-9ECB-80F727A1E033}.Release|Any CPU.Build.0 = Release|Any CPU
		{620E6E58-F34B-46EC-AFC0-8A3C8677C1FA}.Debug|Any CPU.ActiveCfg = Debug|Any CPU
		{620E6E58-F34B-46EC-AFC0-8A3C8677C1FA}.Debug|Any CPU.Build.0 = Debug|Any CPU
		{620E6E58-F34B-46EC-AFC0-8A3C8677C1FA}.Release|Any CPU.ActiveCfg = Release|Any CPU
		{620E6E58-F34B-46EC-AFC0-8A3C8677C1FA}.Release|Any CPU.Build.0 = Release|Any CPU
		{C10C8AC7-DD48-4AF5-8227-30E9AEA97B5D}.Debug|Any CPU.ActiveCfg = Debug|Any CPU
		{C10C8AC7-DD48-4AF5-8227-30E9AEA97B5D}.Debug|Any CPU.Build.0 = Debug|Any CPU
		{C10C8AC7-DD48-4AF5-8227-30E9AEA97B5D}.Release|Any CPU.ActiveCfg = Release|Any CPU
		{C10C8AC7-DD48-4AF5-8227-30E9AEA97B5D}.Release|Any CPU.Build.0 = Release|Any CPU
		{3AB50BCB-6971-4926-B357-0F4EC4D8656D}.Debug|Any CPU.ActiveCfg = Debug|Any CPU
		{3AB50BCB-6971-4926-B357-0F4EC4D8656D}.Debug|Any CPU.Build.0 = Debug|Any CPU
		{3AB50BCB-6971-4926-B357-0F4EC4D8656D}.Release|Any CPU.ActiveCfg = Release|Any CPU
		{3AB50BCB-6971-4926-B357-0F4EC4D8656D}.Release|Any CPU.Build.0 = Release|Any CPU
		{6F69A32B-09F7-413B-A0C3-E6521960066D}.Debug|Any CPU.ActiveCfg = Debug|Any CPU
		{6F69A32B-09F7-413B-A0C3-E6521960066D}.Debug|Any CPU.Build.0 = Debug|Any CPU
		{6F69A32B-09F7-413B-A0C3-E6521960066D}.Release|Any CPU.ActiveCfg = Release|Any CPU
		{6F69A32B-09F7-413B-A0C3-E6521960066D}.Release|Any CPU.Build.0 = Release|Any CPU
		{19648A11-18E4-4916-8EE3-ADE7CAEC7001}.Debug|Any CPU.ActiveCfg = Debug|Any CPU
		{19648A11-18E4-4916-8EE3-ADE7CAEC7001}.Debug|Any CPU.Build.0 = Debug|Any CPU
		{19648A11-18E4-4916-8EE3-ADE7CAEC7001}.Release|Any CPU.ActiveCfg = Release|Any CPU
		{19648A11-18E4-4916-8EE3-ADE7CAEC7001}.Release|Any CPU.Build.0 = Release|Any CPU
		{59C38E8E-6EBE-4DA0-9FB5-026032C7373A}.Debug|Any CPU.ActiveCfg = Debug|Any CPU
		{59C38E8E-6EBE-4DA0-9FB5-026032C7373A}.Debug|Any CPU.Build.0 = Debug|Any CPU
		{59C38E8E-6EBE-4DA0-9FB5-026032C7373A}.Release|Any CPU.ActiveCfg = Release|Any CPU
		{59C38E8E-6EBE-4DA0-9FB5-026032C7373A}.Release|Any CPU.Build.0 = Release|Any CPU
		{9EAEEC36-F76A-42DD-8E1B-37ED8513B34A}.Debug|Any CPU.ActiveCfg = Debug|Any CPU
		{9EAEEC36-F76A-42DD-8E1B-37ED8513B34A}.Debug|Any CPU.Build.0 = Debug|Any CPU
		{9EAEEC36-F76A-42DD-8E1B-37ED8513B34A}.Release|Any CPU.ActiveCfg = Release|Any CPU
		{9EAEEC36-F76A-42DD-8E1B-37ED8513B34A}.Release|Any CPU.Build.0 = Release|Any CPU
		{AC9CDA51-7656-4486-8FE5-C3C998C7E3F4}.Debug|Any CPU.ActiveCfg = Debug|Any CPU
		{AC9CDA51-7656-4486-8FE5-C3C998C7E3F4}.Debug|Any CPU.Build.0 = Debug|Any CPU
		{AC9CDA51-7656-4486-8FE5-C3C998C7E3F4}.Release|Any CPU.ActiveCfg = Release|Any CPU
		{AC9CDA51-7656-4486-8FE5-C3C998C7E3F4}.Release|Any CPU.Build.0 = Release|Any CPU
	EndGlobalSection
	GlobalSection(SolutionProperties) = preSolution
		HideSolutionNode = FALSE
	EndGlobalSection
	GlobalSection(NestedProjects) = preSolution
		{072705CD-6A6F-4956-BD7F-F4AC8FB81C8F} = {853EB879-9DE5-417D-9135-20DDCFAEBDCA}
		{AF894804-A766-4C5B-BBD6-9A05DC28CBAB} = {853EB879-9DE5-417D-9135-20DDCFAEBDCA}
		{31C4AC82-7BAD-49D4-909D-6863AB1C0690} = {179A02F9-EB17-41EB-BB9D-EBEEA3A7E816}
		{F8B4C0D3-8A00-487A-8F2B-1CB54FE9560F} = {179A02F9-EB17-41EB-BB9D-EBEEA3A7E816}
		{9C6B6435-8280-4718-8D35-90BA60C82750} = {179A02F9-EB17-41EB-BB9D-EBEEA3A7E816}
		{0AC7CBDC-6731-4CCA-8F0D-6FC7A1A4D110} = {AF894804-A766-4C5B-BBD6-9A05DC28CBAB}
		{AEB1FA41-7DC8-4B7F-AFC1-635D939722E8} = {AF894804-A766-4C5B-BBD6-9A05DC28CBAB}
		{E110E87C-2AF6-4755-891B-EAA44EF74DBD} = {072705CD-6A6F-4956-BD7F-F4AC8FB81C8F}
		{55D4E64C-846A-4C52-AC0B-42DF080F11A7} = {072705CD-6A6F-4956-BD7F-F4AC8FB81C8F}
		{93A2EB12-6CC3-4AD7-9501-CF4A19A9428E} = {072705CD-6A6F-4956-BD7F-F4AC8FB81C8F}
		{BC95FF5E-3C48-4B79-B931-79E801563F75} = {072705CD-6A6F-4956-BD7F-F4AC8FB81C8F}
		{88D67709-7397-4F4E-96F1-B32F7A37F84E} = {072705CD-6A6F-4956-BD7F-F4AC8FB81C8F}
		{B4D687A7-6C68-4E62-AA23-C1A17217E2A2} = {31C4AC82-7BAD-49D4-909D-6863AB1C0690}
		{5E999910-BC40-4875-B070-66A92A86A255} = {F8B4C0D3-8A00-487A-8F2B-1CB54FE9560F}
		{067119C8-2F13-4204-BB40-9A6BAC98B415} = {9C6B6435-8280-4718-8D35-90BA60C82750}
		{BDA91DC8-E0A7-468F-8D0A-1E3EE5853917} = {9C6B6435-8280-4718-8D35-90BA60C82750}
		{666E525E-978C-4CFE-ACC0-621C29BA964C} = {9C6B6435-8280-4718-8D35-90BA60C82750}
		{B8F07B0E-005B-42E7-8A33-9801A94A39D7} = {BCF44CF5-19CF-44DD-B146-6F127521082C}
		{363C92FE-DB44-4767-BDC1-4A2E530BF8F6} = {A026EFD0-229E-426E-A2F3-7B678592C614}
		{85426098-D90E-4F3C-9A7D-53949E347C4C} = {A026EFD0-229E-426E-A2F3-7B678592C614}
		{C51D1B34-FB22-4327-BAA9-0454A2C53215} = {30C7082F-A6E3-4EE8-B7A6-B285DD917EC2}
		{BCF44CF5-19CF-44DD-B146-6F127521082C} = {8005734C-C156-4FDD-B9BD-245A4C26688F}
		{215564C8-0686-4D38-B064-765B17FA6309} = {30C7082F-A6E3-4EE8-B7A6-B285DD917EC2}
		{2675F5C5-0FF3-479B-9D1F-1343CF7F4B07} = {215564C8-0686-4D38-B064-765B17FA6309}
		{5C3A3DA0-4119-43B2-9031-63CB211D9A6E} = {1CFF8E69-2D05-4618-BED6-D2B1E914E454}
		{5F76D79D-83E3-4562-A14D-4E961C496B29} = {084E5BC5-C450-48C3-81C5-80A0AE3BCADF}
		{E29F7F82-3521-47AB-B662-40679829E0B0} = {5F76D79D-83E3-4562-A14D-4E961C496B29}
		{806569CE-5724-4BFC-BEE6-C8FED68DCDFB} = {5F76D79D-83E3-4562-A14D-4E961C496B29}
		{057E3F7B-A7F1-4D53-8E4A-9B2B9051208F} = {5F76D79D-83E3-4562-A14D-4E961C496B29}
		{6B5B3F8B-A9EC-4F6A-9D3A-819A788EEACF} = {5F76D79D-83E3-4562-A14D-4E961C496B29}
		{762041B3-8F9B-49E0-B0B5-7BA7AB0628DB} = {5F76D79D-83E3-4562-A14D-4E961C496B29}
		{17B831E2-1958-441B-853E-61D14C3839C2} = {5F76D79D-83E3-4562-A14D-4E961C496B29}
		{3AB6BBE4-6799-4055-B561-5DB8D819F3BF} = {8005734C-C156-4FDD-B9BD-245A4C26688F}
		{3C191A9C-75C6-4AB2-BEF4-A588D6BEF13D} = {3AB6BBE4-6799-4055-B561-5DB8D819F3BF}
		{8141E897-AC90-4A3D-B7C4-FEB7767B3841} = {3AB6BBE4-6799-4055-B561-5DB8D819F3BF}
		{B3A53B29-6733-4849-A73A-291AC1AF6440} = {8005734C-C156-4FDD-B9BD-245A4C26688F}
		{2ACE187A-D2DE-47F9-B0F6-B35D0653F6DF} = {8005734C-C156-4FDD-B9BD-245A4C26688F}
		{F05064A5-24BB-46A4-B01B-BAA22C46534B} = {2ACE187A-D2DE-47F9-B0F6-B35D0653F6DF}
		{2A667694-F160-40A4-9BFE-FB014DF4AE3C} = {0ED5A390-84CD-4253-AC3C-1671EBAB7284}
		{73DDD46C-CB3F-4616-A3D6-C2B7343ECA6B} = {2A667694-F160-40A4-9BFE-FB014DF4AE3C}
		{83EF4968-93DA-4069-B0A1-A5757D80D56E} = {AF894804-A766-4C5B-BBD6-9A05DC28CBAB}
		{267D3689-28CD-4492-95A5-AEC70EA0654D} = {AF894804-A766-4C5B-BBD6-9A05DC28CBAB}
		{56849E44-A99C-4AB0-BF31-44791CC7150F} = {B3A53B29-6733-4849-A73A-291AC1AF6440}
		{9D5811B9-D561-4527-8FC5-CC68A356F072} = {B3A53B29-6733-4849-A73A-291AC1AF6440}
		{ED8FD338-D2AE-436D-8756-8C0AF49A3CA0} = {8005734C-C156-4FDD-B9BD-245A4C26688F}
		{F3B9E3CB-7E4C-491D-B8BA-11E4640981E8} = {956CF57B-B69D-4E1B-8A76-0B8817402515}
		{39ADC7B3-84D4-4278-81FE-50F82ED3B146} = {956CF57B-B69D-4E1B-8A76-0B8817402515}
		{321E4A6F-AD77-4192-BAD9-5583689730FF} = {956CF57B-B69D-4E1B-8A76-0B8817402515}
		{02F517F6-0226-4A90-95D3-1E2B4D88A7CC} = {956CF57B-B69D-4E1B-8A76-0B8817402515}
		{56C77EBC-A6C4-4D31-8877-EB694704CF6A} = {956CF57B-B69D-4E1B-8A76-0B8817402515}
		{DD9E5905-42B9-4915-95BF-AA868E8398A2} = {479B6E35-4893-4649-B9EC-1141DC55B501}
		{956CF57B-B69D-4E1B-8A76-0B8817402515} = {DD9E5905-42B9-4915-95BF-AA868E8398A2}
		{C726DA4A-B0F7-43B9-BF72-BEE3AEC71306} = {DD9E5905-42B9-4915-95BF-AA868E8398A2}
		{2C05A127-15F8-4AB9-A3AF-1F82610B287E} = {C726DA4A-B0F7-43B9-BF72-BEE3AEC71306}
		{13600FAD-7019-43E9-95B8-76EB958DB9CF} = {C726DA4A-B0F7-43B9-BF72-BEE3AEC71306}
		{EB4F9EB5-1DD3-46BD-90BF-5836CD3E9017} = {C726DA4A-B0F7-43B9-BF72-BEE3AEC71306}
		{A1CEEE34-6477-4C71-87F5-4741A8B8309D} = {DD9E5905-42B9-4915-95BF-AA868E8398A2}
		{A3DC9C61-477C-4EC6-A4C8-D85FE7B7D2F0} = {A1CEEE34-6477-4C71-87F5-4741A8B8309D}
		{9865EA93-944E-4187-9049-C53F1E9F2F30} = {479B6E35-4893-4649-B9EC-1141DC55B501}
		{1AEC107E-A582-4902-974B-27ECC228221C} = {9865EA93-944E-4187-9049-C53F1E9F2F30}
		{88103041-580D-4539-B765-8F18AE781DAA} = {9865EA93-944E-4187-9049-C53F1E9F2F30}
		{52FA556D-F28A-4F84-B7D1-F96643704523} = {9865EA93-944E-4187-9049-C53F1E9F2F30}
		{21F46016-6247-4D50-BD13-FA0E2846F310} = {BBD70DFE-1163-436E-8146-4F40ECDA4000}
		{C39574ED-296C-45C7-8A9D-953E7A50A494} = {21F46016-6247-4D50-BD13-FA0E2846F310}
		{C542ED98-90BC-4919-8274-33987F5D7ADE} = {ED8FD338-D2AE-436D-8756-8C0AF49A3CA0}
		{D1C9B56E-955D-4F99-B71A-4193DCD7CD1B} = {B3A53B29-6733-4849-A73A-291AC1AF6440}
		{7D153FFD-4C9D-40A0-92DF-0314830EED35} = {3AB6BBE4-6799-4055-B561-5DB8D819F3BF}
		{D13F378D-BA1C-403C-BBAC-FC6983A917A7} = {8005734C-C156-4FDD-B9BD-245A4C26688F}
		{5F987C56-443E-447E-A0D0-7BE9A5D85C54} = {8005734C-C156-4FDD-B9BD-245A4C26688F}
		{0A88445A-8CD4-4FA0-A318-EB8D2C7B702C} = {8005734C-C156-4FDD-B9BD-245A4C26688F}
		{9DF69FE9-8BCB-481D-8AA0-475BBA0FE7DE} = {8005734C-C156-4FDD-B9BD-245A4C26688F}
		{5631ED7E-017A-4062-A7D4-4FE26D32006D} = {8005734C-C156-4FDD-B9BD-245A4C26688F}
		{F8DDA0AF-73DF-42CB-ABEE-A25E8BF583E2} = {8005734C-C156-4FDD-B9BD-245A4C26688F}
		{BEB058AB-EA74-4B2D-B93E-AEB822BDFCB1} = {8005734C-C156-4FDD-B9BD-245A4C26688F}
		{F169232C-CE32-4496-B47B-3503A5FA7FA8} = {8005734C-C156-4FDD-B9BD-245A4C26688F}
		{FC181F6F-0145-4A7F-AC72-3D391A7E7B3F} = {8005734C-C156-4FDD-B9BD-245A4C26688F}
		{1A661876-D190-479C-8A3C-21B9EF0126D4} = {D13F378D-BA1C-403C-BBAC-FC6983A917A7}
		{6597F1E2-84A0-40EB-8140-A2F7B207885F} = {D13F378D-BA1C-403C-BBAC-FC6983A917A7}
		{79BB245D-6D75-4DD6-B779-021038885902} = {D13F378D-BA1C-403C-BBAC-FC6983A917A7}
		{F7DF6E2B-F756-43F5-B48C-BD8C34D7D366} = {0ED5A390-84CD-4253-AC3C-1671EBAB7284}
		{01EA2AE5-7B14-4665-A658-68AE12B83804} = {F7DF6E2B-F756-43F5-B48C-BD8C34D7D366}
		{7CDE0838-7246-4B03-9CE8-614A6401DD7B} = {ED8FD338-D2AE-436D-8756-8C0AF49A3CA0}
		{47E6B7B9-97EC-480A-9005-CA74974DC3B7} = {084E5BC5-C450-48C3-81C5-80A0AE3BCADF}
		{1CFF8E69-2D05-4618-BED6-D2B1E914E454} = {084E5BC5-C450-48C3-81C5-80A0AE3BCADF}
		{2F1226F1-7595-4FFF-8508-392281E4E333} = {47E6B7B9-97EC-480A-9005-CA74974DC3B7}
		{52B52FA3-9514-4AEE-A9E1-8C9E0004F0F1} = {47E6B7B9-97EC-480A-9005-CA74974DC3B7}
		{B03B50CD-FCF4-483F-AA87-5C6DB9274444} = {F8DDA0AF-73DF-42CB-ABEE-A25E8BF583E2}
		{7BF87BA1-E6BC-4524-A537-D837AD519C78} = {AF894804-A766-4C5B-BBD6-9A05DC28CBAB}
		{CECFAB9C-8741-43C2-84D2-E948081E5F35} = {AF894804-A766-4C5B-BBD6-9A05DC28CBAB}
		{017E719B-C7FB-4065-ADA1-99675EFB6BCD} = {072705CD-6A6F-4956-BD7F-F4AC8FB81C8F}
		{37F78F47-1B4A-4363-9B75-0EA525CEC84D} = {AF894804-A766-4C5B-BBD6-9A05DC28CBAB}
		{4F08AF71-3FD8-44A0-9ECB-80F727A1E033} = {AF894804-A766-4C5B-BBD6-9A05DC28CBAB}
		{620E6E58-F34B-46EC-AFC0-8A3C8677C1FA} = {AF894804-A766-4C5B-BBD6-9A05DC28CBAB}
		{C10C8AC7-DD48-4AF5-8227-30E9AEA97B5D} = {9C6B6435-8280-4718-8D35-90BA60C82750}
		{3AB50BCB-6971-4926-B357-0F4EC4D8656D} = {9C6B6435-8280-4718-8D35-90BA60C82750}
		{DC18F7E0-D37F-447E-B2F7-F1E08FE6ED0E} = {179A02F9-EB17-41EB-BB9D-EBEEA3A7E816}
		{6F69A32B-09F7-413B-A0C3-E6521960066D} = {DC18F7E0-D37F-447E-B2F7-F1E08FE6ED0E}
		{19648A11-18E4-4916-8EE3-ADE7CAEC7001} = {DC18F7E0-D37F-447E-B2F7-F1E08FE6ED0E}
		{59C38E8E-6EBE-4DA0-9FB5-026032C7373A} = {DC18F7E0-D37F-447E-B2F7-F1E08FE6ED0E}
		{9EAEEC36-F76A-42DD-8E1B-37ED8513B34A} = {AF894804-A766-4C5B-BBD6-9A05DC28CBAB}
		{EBC2FF9F-A69C-44A6-B4C5-1EDD786D1AB6} = {9C6B6435-8280-4718-8D35-90BA60C82750}
		{AC9CDA51-7656-4486-8FE5-C3C998C7E3F4} = {EBC2FF9F-A69C-44A6-B4C5-1EDD786D1AB6}
	EndGlobalSection
EndGlobal
